
Microsoft Visual Studio Solution File, Format Version 12.00
# Visual Studio Version 16
VisualStudioVersion = 25.0.1706.7
MinimumVisualStudioVersion = 10.0.40219.1
Project("{FAE04EC0-301F-11D3-BF4B-00C04F79EFBC}") = "01.Furniture", "01.Furniture\01.Furniture.csproj", "{FC9E8386-BA0A-4E20-9697-D8DD6991A4E9}"
EndProject
Project("{FAE04EC0-301F-11D3-BF4B-00C04F79EFBC}") = "02.Race", "02.Race\02.Race.csproj", "{42EE41B6-07C2-4E81-BE1F-A313E1473F00}"
EndProject
Project("{FAE04EC0-301F-11D3-BF4B-00C04F79EFBC}") = "03.SoftUniBarIncome", "03.SoftUniBarIncome\03.SoftUniBarIncome.csproj", "{2694DAA2-C3E0-4EB9-96CC-133A39E63754}"
EndProject
Project("{FAE04EC0-301F-11D3-BF4B-00C04F79EFBC}") = "04.StarEnigma", "04.StarEnigma\04.StarEnigma.csproj", "{A596C832-A513-4C4B-85A0-054A3A8EEBBD}"
EndProject
Project("{FAE04EC0-301F-11D3-BF4B-00C04F79EFBC}") = "05.NetherRealms", "05.NetherRealms\05.NetherRealms.csproj", "{FD0F16B2-EEA3-4074-91F3-F75853945EE3}"
EndProject
Project("{FAE04EC0-301F-11D3-BF4B-00C04F79EFBC}") = "06.ExtractEmails", "06.ExtractEmails\06.ExtractEmails.csproj", "{AA99B40B-1D9D-4327-93DE-6C6A1D29677E}"
EndProject
Global
	GlobalSection(SolutionConfigurationPlatforms) = preSolution
		Debug|Any CPU = Debug|Any CPU
		Release|Any CPU = Release|Any CPU
	EndGlobalSection
	GlobalSection(ProjectConfigurationPlatforms) = postSolution
		{FC9E8386-BA0A-4E20-9697-D8DD6991A4E9}.Debug|Any CPU.ActiveCfg = Debug|Any CPU
		{FC9E8386-BA0A-4E20-9697-D8DD6991A4E9}.Debug|Any CPU.Build.0 = Debug|Any CPU
		{FC9E8386-BA0A-4E20-9697-D8DD6991A4E9}.Release|Any CPU.ActiveCfg = Release|Any CPU
		{FC9E8386-BA0A-4E20-9697-D8DD6991A4E9}.Release|Any CPU.Build.0 = Release|Any CPU
		{42EE41B6-07C2-4E81-BE1F-A313E1473F00}.Debug|Any CPU.ActiveCfg = Debug|Any CPU
		{42EE41B6-07C2-4E81-BE1F-A313E1473F00}.Debug|Any CPU.Build.0 = Debug|Any CPU
		{42EE41B6-07C2-4E81-BE1F-A313E1473F00}.Release|Any CPU.ActiveCfg = Release|Any CPU
		{42EE41B6-07C2-4E81-BE1F-A313E1473F00}.Release|Any CPU.Build.0 = Release|Any CPU
		{2694DAA2-C3E0-4EB9-96CC-133A39E63754}.Debug|Any CPU.ActiveCfg = Debug|Any CPU
		{2694DAA2-C3E0-4EB9-96CC-133A39E63754}.Debug|Any CPU.Build.0 = Debug|Any CPU
		{2694DAA2-C3E0-4EB9-96CC-133A39E63754}.Release|Any CPU.ActiveCfg = Release|Any CPU
		{2694DAA2-C3E0-4EB9-96CC-133A39E63754}.Release|Any CPU.Build.0 = Release|Any CPU
		{A596C832-A513-4C4B-85A0-054A3A8EEBBD}.Debug|Any CPU.ActiveCfg = Debug|Any CPU
		{A596C832-A513-4C4B-85A0-054A3A8EEBBD}.Debug|Any CPU.Build.0 = Debug|Any CPU
		{A596C832-A513-4C4B-85A0-054A3A8EEBBD}.Release|Any CPU.ActiveCfg = Release|Any CPU
		{A596C832-A513-4C4B-85A0-054A3A8EEBBD}.Release|Any CPU.Build.0 = Release|Any CPU
		{FD0F16B2-EEA3-4074-91F3-F75853945EE3}.Debug|Any CPU.ActiveCfg = Debug|Any CPU
		{FD0F16B2-EEA3-4074-91F3-F75853945EE3}.Debug|Any CPU.Build.0 = Debug|Any CPU
		{FD0F16B2-EEA3-4074-91F3-F75853945EE3}.Release|Any CPU.ActiveCfg = Release|Any CPU
		{FD0F16B2-EEA3-4074-91F3-F75853945EE3}.Release|Any CPU.Build.0 = Release|Any CPU
		{AA99B40B-1D9D-4327-93DE-6C6A1D29677E}.Debug|Any CPU.ActiveCfg = Debug|Any CPU
		{AA99B40B-1D9D-4327-93DE-6C6A1D29677E}.Debug|Any CPU.Build.0 = Debug|Any CPU
		{AA99B40B-1D9D-4327-93DE-6C6A1D29677E}.Release|Any CPU.ActiveCfg = Release|Any CPU
		{AA99B40B-1D9D-4327-93DE-6C6A1D29677E}.Release|Any CPU.Build.0 = Release|Any CPU
	EndGlobalSection
	GlobalSection(SolutionProperties) = preSolution
		HideSolutionNode = FALSE
	EndGlobalSection
	GlobalSection(ExtensibilityGlobals) = postSolution
		SolutionGuid = {19C19FD3-F840-49C6-B3BF-747FAACD1721}
	EndGlobalSection
EndGlobal
