
Microsoft Visual Studio Solution File, Format Version 12.00
# Visual Studio Version 16
VisualStudioVersion = 25.0.1706.12
MinimumVisualStudioVersion = 10.0.40219.1
Project("{FAE04EC0-301F-11D3-BF4B-00C04F79EFBC}") = "01.Box", "01.Box\01.Box.csproj", "{2800C22E-A4F3-4407-92A6-0C812B06505D}"
EndProject
Project("{FAE04EC0-301F-11D3-BF4B-00C04F79EFBC}") = "02.ArrayCreator", "02.ArrayCreator\02.ArrayCreator.csproj", "{20300D95-6B38-4FD1-8046-8B109EC7B8D7}"
EndProject
Project("{FAE04EC0-301F-11D3-BF4B-00C04F79EFBC}") = "03.GenericScale", "03.GenericScale\03.GenericScale.csproj", "{44E2DFE6-A32A-4F4B-9A22-6B04B6B5449B}"
EndProject
Global
	GlobalSection(SolutionConfigurationPlatforms) = preSolution
		Debug|Any CPU = Debug|Any CPU
		Release|Any CPU = Release|Any CPU
	EndGlobalSection
	GlobalSection(ProjectConfigurationPlatforms) = postSolution
		{2800C22E-A4F3-4407-92A6-0C812B06505D}.Debug|Any CPU.ActiveCfg = Debug|Any CPU
		{2800C22E-A4F3-4407-92A6-0C812B06505D}.Debug|Any CPU.Build.0 = Debug|Any CPU
		{2800C22E-A4F3-4407-92A6-0C812B06505D}.Release|Any CPU.ActiveCfg = Release|Any CPU
		{2800C22E-A4F3-4407-92A6-0C812B06505D}.Release|Any CPU.Build.0 = Release|Any CPU
		{20300D95-6B38-4FD1-8046-8B109EC7B8D7}.Debug|Any CPU.ActiveCfg = Debug|Any CPU
		{20300D95-6B38-4FD1-8046-8B109EC7B8D7}.Debug|Any CPU.Build.0 = Debug|Any CPU
		{20300D95-6B38-4FD1-8046-8B109EC7B8D7}.Release|Any CPU.ActiveCfg = Release|Any CPU
		{20300D95-6B38-4FD1-8046-8B109EC7B8D7}.Release|Any CPU.Build.0 = Release|Any CPU
		{44E2DFE6-A32A-4F4B-9A22-6B04B6B5449B}.Debug|Any CPU.ActiveCfg = Debug|Any CPU
		{44E2DFE6-A32A-4F4B-9A22-6B04B6B5449B}.Debug|Any CPU.Build.0 = Debug|Any CPU
		{44E2DFE6-A32A-4F4B-9A22-6B04B6B5449B}.Release|Any CPU.ActiveCfg = Release|Any CPU
		{44E2DFE6-A32A-4F4B-9A22-6B04B6B5449B}.Release|Any CPU.Build.0 = Release|Any CPU
	EndGlobalSection
	GlobalSection(SolutionProperties) = preSolution
		HideSolutionNode = FALSE
	EndGlobalSection
	GlobalSection(ExtensibilityGlobals) = postSolution
		SolutionGuid = {CF621670-4519-4F57-979B-C4FB2253846F}
	EndGlobalSection
EndGlobal
