
Microsoft Visual Studio Solution File, Format Version 12.00
# Visual Studio Version 16
VisualStudioVersion = 25.0.1706.8
MinimumVisualStudioVersion = 10.0.40219.1
Project("{FAE04EC0-301F-11D3-BF4B-00C04F79EFBC}") = "01.SumAdjacentEqualNumbers", "01.SumAdjacentEqualNumbers\01.SumAdjacentEqualNumbers.csproj", "{CA3DDFB4-72DC-4265-A9F2-3F04A729414D}"
EndProject
Project("{FAE04EC0-301F-11D3-BF4B-00C04F79EFBC}") = "02.Gauss'Trick", "02.Gauss'Trick\02.Gauss'Trick.csproj", "{8E6B7B87-9ECD-4935-99E3-4AC86BE77A70}"
EndProject
Project("{FAE04EC0-301F-11D3-BF4B-00C04F79EFBC}") = "03.MergingLists", "03.MergingLists\03.MergingLists.csproj", "{AF578AD4-CD1A-4B9B-ABED-26489276F48B}"
EndProject
Project("{FAE04EC0-301F-11D3-BF4B-00C04F79EFBC}") = "04.ListOfProducts", "04.ListOfProducts\04.ListOfProducts.csproj", "{18822C5C-B2E1-4DB8-B4FA-A89F7F32B469}"
EndProject
Project("{FAE04EC0-301F-11D3-BF4B-00C04F79EFBC}") = "05.RemoveNegativesAndReverse", "05.RemoveNegativesAndReverse\05.RemoveNegativesAndReverse.csproj", "{5DFB0D27-D393-4700-B885-3FFF6763B4EC}"
EndProject
Project("{FAE04EC0-301F-11D3-BF4B-00C04F79EFBC}") = "06.ListManipulationBasics", "06.ListManipulationBasics\06.ListManipulationBasics.csproj", "{AF7C8A16-D683-4D71-86CA-E1273D34A161}"
EndProject
Project("{FAE04EC0-301F-11D3-BF4B-00C04F79EFBC}") = "07.ListManipulationAdvanced", "07.ListManipulationAdvanced\07.ListManipulationAdvanced.csproj", "{4B686F22-1804-4175-BCFE-AAB900487A2B}"
EndProject
Global
	GlobalSection(SolutionConfigurationPlatforms) = preSolution
		Debug|Any CPU = Debug|Any CPU
		Release|Any CPU = Release|Any CPU
	EndGlobalSection
	GlobalSection(ProjectConfigurationPlatforms) = postSolution
		{CA3DDFB4-72DC-4265-A9F2-3F04A729414D}.Debug|Any CPU.ActiveCfg = Debug|Any CPU
		{CA3DDFB4-72DC-4265-A9F2-3F04A729414D}.Debug|Any CPU.Build.0 = Debug|Any CPU
		{CA3DDFB4-72DC-4265-A9F2-3F04A729414D}.Release|Any CPU.ActiveCfg = Release|Any CPU
		{CA3DDFB4-72DC-4265-A9F2-3F04A729414D}.Release|Any CPU.Build.0 = Release|Any CPU
		{8E6B7B87-9ECD-4935-99E3-4AC86BE77A70}.Debug|Any CPU.ActiveCfg = Debug|Any CPU
		{8E6B7B87-9ECD-4935-99E3-4AC86BE77A70}.Debug|Any CPU.Build.0 = Debug|Any CPU
		{8E6B7B87-9ECD-4935-99E3-4AC86BE77A70}.Release|Any CPU.ActiveCfg = Release|Any CPU
		{8E6B7B87-9ECD-4935-99E3-4AC86BE77A70}.Release|Any CPU.Build.0 = Release|Any CPU
		{AF578AD4-CD1A-4B9B-ABED-26489276F48B}.Debug|Any CPU.ActiveCfg = Debug|Any CPU
		{AF578AD4-CD1A-4B9B-ABED-26489276F48B}.Debug|Any CPU.Build.0 = Debug|Any CPU
		{AF578AD4-CD1A-4B9B-ABED-26489276F48B}.Release|Any CPU.ActiveCfg = Release|Any CPU
		{AF578AD4-CD1A-4B9B-ABED-26489276F48B}.Release|Any CPU.Build.0 = Release|Any CPU
		{18822C5C-B2E1-4DB8-B4FA-A89F7F32B469}.Debug|Any CPU.ActiveCfg = Debug|Any CPU
		{18822C5C-B2E1-4DB8-B4FA-A89F7F32B469}.Debug|Any CPU.Build.0 = Debug|Any CPU
		{18822C5C-B2E1-4DB8-B4FA-A89F7F32B469}.Release|Any CPU.ActiveCfg = Release|Any CPU
		{18822C5C-B2E1-4DB8-B4FA-A89F7F32B469}.Release|Any CPU.Build.0 = Release|Any CPU
		{5DFB0D27-D393-4700-B885-3FFF6763B4EC}.Debug|Any CPU.ActiveCfg = Debug|Any CPU
		{5DFB0D27-D393-4700-B885-3FFF6763B4EC}.Debug|Any CPU.Build.0 = Debug|Any CPU
		{5DFB0D27-D393-4700-B885-3FFF6763B4EC}.Release|Any CPU.ActiveCfg = Release|Any CPU
		{5DFB0D27-D393-4700-B885-3FFF6763B4EC}.Release|Any CPU.Build.0 = Release|Any CPU
		{AF7C8A16-D683-4D71-86CA-E1273D34A161}.Debug|Any CPU.ActiveCfg = Debug|Any CPU
		{AF7C8A16-D683-4D71-86CA-E1273D34A161}.Debug|Any CPU.Build.0 = Debug|Any CPU
		{AF7C8A16-D683-4D71-86CA-E1273D34A161}.Release|Any CPU.ActiveCfg = Release|Any CPU
		{AF7C8A16-D683-4D71-86CA-E1273D34A161}.Release|Any CPU.Build.0 = Release|Any CPU
		{4B686F22-1804-4175-BCFE-AAB900487A2B}.Debug|Any CPU.ActiveCfg = Debug|Any CPU
		{4B686F22-1804-4175-BCFE-AAB900487A2B}.Debug|Any CPU.Build.0 = Debug|Any CPU
		{4B686F22-1804-4175-BCFE-AAB900487A2B}.Release|Any CPU.ActiveCfg = Release|Any CPU
		{4B686F22-1804-4175-BCFE-AAB900487A2B}.Release|Any CPU.Build.0 = Release|Any CPU
	EndGlobalSection
	GlobalSection(SolutionProperties) = preSolution
		HideSolutionNode = FALSE
	EndGlobalSection
	GlobalSection(ExtensibilityGlobals) = postSolution
		SolutionGuid = {848200BB-B7AD-4F48-A621-770A786CF00F}
	EndGlobalSection
EndGlobal
