
Microsoft Visual Studio Solution File, Format Version 12.00
# Visual Studio Version 16
VisualStudioVersion = 25.0.1706.6
MinimumVisualStudioVersion = 10.0.40219.1
Project("{FAE04EC0-301F-11D3-BF4B-00C04F79EFBC}") = "01.DayofWeek", "01.DayofWeek\01.DayofWeek.csproj", "{6E40972C-69A3-487D-BA40-5F86F6A4DB47}"
EndProject
Project("{FAE04EC0-301F-11D3-BF4B-00C04F79EFBC}") = "02.PrintNumbersInReverseOrder", "02.PrintNumbersInReverseOrder\02.PrintNumbersInReverseOrder.csproj", "{EAFF1DFA-AF54-4F5D-BD9C-EF60477113B9}"
EndProject
Project("{FAE04EC0-301F-11D3-BF4B-00C04F79EFBC}") = "03.RoundingNumbers", "03.RoundingNumbers\03.RoundingNumbers.csproj", "{338A4641-58F8-404A-95FB-131513CD5AD5}"
EndProject
Project("{FAE04EC0-301F-11D3-BF4B-00C04F79EFBC}") = "04.ReverseArrayOfStrings", "04.ReverseArrayOfStrings\04.ReverseArrayOfStrings.csproj", "{AC2021B7-BD40-4E16-82D4-38874CC6A3B2}"
EndProject
Project("{FAE04EC0-301F-11D3-BF4B-00C04F79EFBC}") = "05.SumEvenNumbers", "05.SumEvenNumbers\05.SumEvenNumbers.csproj", "{DA49DB82-1011-4C90-8EE0-77495FEB66D9}"
EndProject
Project("{FAE04EC0-301F-11D3-BF4B-00C04F79EFBC}") = "06.EvenAndOddSubtraction", "06.EvenAndOddSubtraction\06.EvenAndOddSubtraction.csproj", "{5DB84887-1E1B-4D96-AAE1-1EE6ADCFB52F}"
EndProject
Project("{FAE04EC0-301F-11D3-BF4B-00C04F79EFBC}") = "07.EqualArrays", "07.EqualArrays\07.EqualArrays.csproj", "{45FEC56D-B206-4FB6-B92D-E4729E875D9F}"
EndProject
Project("{FAE04EC0-301F-11D3-BF4B-00C04F79EFBC}") = "08.CondenseArrayToNumber", "08.CondenseArrayToNumber\08.CondenseArrayToNumber.csproj", "{F8FBDDDE-59D1-4353-9C90-FD3A5C88F33A}"
EndProject
Global
	GlobalSection(SolutionConfigurationPlatforms) = preSolution
		Debug|Any CPU = Debug|Any CPU
		Release|Any CPU = Release|Any CPU
	EndGlobalSection
	GlobalSection(ProjectConfigurationPlatforms) = postSolution
		{6E40972C-69A3-487D-BA40-5F86F6A4DB47}.Debug|Any CPU.ActiveCfg = Debug|Any CPU
		{6E40972C-69A3-487D-BA40-5F86F6A4DB47}.Debug|Any CPU.Build.0 = Debug|Any CPU
		{6E40972C-69A3-487D-BA40-5F86F6A4DB47}.Release|Any CPU.ActiveCfg = Release|Any CPU
		{6E40972C-69A3-487D-BA40-5F86F6A4DB47}.Release|Any CPU.Build.0 = Release|Any CPU
		{EAFF1DFA-AF54-4F5D-BD9C-EF60477113B9}.Debug|Any CPU.ActiveCfg = Debug|Any CPU
		{EAFF1DFA-AF54-4F5D-BD9C-EF60477113B9}.Debug|Any CPU.Build.0 = Debug|Any CPU
		{EAFF1DFA-AF54-4F5D-BD9C-EF60477113B9}.Release|Any CPU.ActiveCfg = Release|Any CPU
		{EAFF1DFA-AF54-4F5D-BD9C-EF60477113B9}.Release|Any CPU.Build.0 = Release|Any CPU
		{338A4641-58F8-404A-95FB-131513CD5AD5}.Debug|Any CPU.ActiveCfg = Debug|Any CPU
		{338A4641-58F8-404A-95FB-131513CD5AD5}.Debug|Any CPU.Build.0 = Debug|Any CPU
		{338A4641-58F8-404A-95FB-131513CD5AD5}.Release|Any CPU.ActiveCfg = Release|Any CPU
		{338A4641-58F8-404A-95FB-131513CD5AD5}.Release|Any CPU.Build.0 = Release|Any CPU
		{AC2021B7-BD40-4E16-82D4-38874CC6A3B2}.Debug|Any CPU.ActiveCfg = Debug|Any CPU
		{AC2021B7-BD40-4E16-82D4-38874CC6A3B2}.Debug|Any CPU.Build.0 = Debug|Any CPU
		{AC2021B7-BD40-4E16-82D4-38874CC6A3B2}.Release|Any CPU.ActiveCfg = Release|Any CPU
		{AC2021B7-BD40-4E16-82D4-38874CC6A3B2}.Release|Any CPU.Build.0 = Release|Any CPU
		{DA49DB82-1011-4C90-8EE0-77495FEB66D9}.Debug|Any CPU.ActiveCfg = Debug|Any CPU
		{DA49DB82-1011-4C90-8EE0-77495FEB66D9}.Debug|Any CPU.Build.0 = Debug|Any CPU
		{DA49DB82-1011-4C90-8EE0-77495FEB66D9}.Release|Any CPU.ActiveCfg = Release|Any CPU
		{DA49DB82-1011-4C90-8EE0-77495FEB66D9}.Release|Any CPU.Build.0 = Release|Any CPU
		{5DB84887-1E1B-4D96-AAE1-1EE6ADCFB52F}.Debug|Any CPU.ActiveCfg = Debug|Any CPU
		{5DB84887-1E1B-4D96-AAE1-1EE6ADCFB52F}.Debug|Any CPU.Build.0 = Debug|Any CPU
		{5DB84887-1E1B-4D96-AAE1-1EE6ADCFB52F}.Release|Any CPU.ActiveCfg = Release|Any CPU
		{5DB84887-1E1B-4D96-AAE1-1EE6ADCFB52F}.Release|Any CPU.Build.0 = Release|Any CPU
		{45FEC56D-B206-4FB6-B92D-E4729E875D9F}.Debug|Any CPU.ActiveCfg = Debug|Any CPU
		{45FEC56D-B206-4FB6-B92D-E4729E875D9F}.Debug|Any CPU.Build.0 = Debug|Any CPU
		{45FEC56D-B206-4FB6-B92D-E4729E875D9F}.Release|Any CPU.ActiveCfg = Release|Any CPU
		{45FEC56D-B206-4FB6-B92D-E4729E875D9F}.Release|Any CPU.Build.0 = Release|Any CPU
		{F8FBDDDE-59D1-4353-9C90-FD3A5C88F33A}.Debug|Any CPU.ActiveCfg = Debug|Any CPU
		{F8FBDDDE-59D1-4353-9C90-FD3A5C88F33A}.Debug|Any CPU.Build.0 = Debug|Any CPU
		{F8FBDDDE-59D1-4353-9C90-FD3A5C88F33A}.Release|Any CPU.ActiveCfg = Release|Any CPU
		{F8FBDDDE-59D1-4353-9C90-FD3A5C88F33A}.Release|Any CPU.Build.0 = Release|Any CPU
	EndGlobalSection
	GlobalSection(SolutionProperties) = preSolution
		HideSolutionNode = FALSE
	EndGlobalSection
	GlobalSection(ExtensibilityGlobals) = postSolution
		SolutionGuid = {6A26CE00-0B5E-4E5D-B6F5-94D25708B952}
	EndGlobalSection
	GlobalSection(MonoDevelopProperties) = preSolution
		Policies = $0
		$0.DotNetNamingPolicy = $1
		$1.DirectoryNamespaceAssociation = PrefixedHierarchical
	EndGlobalSection
EndGlobal
