
Microsoft Visual Studio Solution File, Format Version 12.00
# Visual Studio Version 16
VisualStudioVersion = 25.0.1706.7
MinimumVisualStudioVersion = 10.0.40219.1
Project("{FAE04EC0-301F-11D3-BF4B-00C04F79EFBC}") = "01.ExtractPersonInformation", "01.ExtractPersonInformation\01.ExtractPersonInformation.csproj", "{6458D8BA-9571-40A8-B3C1-DC343B668CDD}"
EndProject
Project("{FAE04EC0-301F-11D3-BF4B-00C04F79EFBC}") = "02.AsciiSumator", "02.AsciiSumator\02.AsciiSumator.csproj", "{A719F900-7D1B-45BB-BF81-BA705F756537}"
EndProject
Project("{FAE04EC0-301F-11D3-BF4B-00C04F79EFBC}") = "03.TreasureFinder", "03. Treasure Finder\03.TreasureFinder.csproj", "{5804F4DD-5B8E-4FBD-9AD8-6E417DB9AD5D}"
EndProject
Project("{FAE04EC0-301F-11D3-BF4B-00C04F79EFBC}") = "04.MorseCodeTranslator", "04.MorseCodeTranslator\04.MorseCodeTranslator.csproj", "{EF8A10D2-E2A1-4A1A-AA6F-588C57E01FE0}"
EndProject
Project("{FAE04EC0-301F-11D3-BF4B-00C04F79EFBC}") = "05.HTML", "05.HTML\05.HTML.csproj", "{DEF879A6-B4EC-482A-8B80-AF0CC016F92E}"
EndProject
Global
	GlobalSection(SolutionConfigurationPlatforms) = preSolution
		Debug|Any CPU = Debug|Any CPU
		Release|Any CPU = Release|Any CPU
	EndGlobalSection
	GlobalSection(ProjectConfigurationPlatforms) = postSolution
		{6458D8BA-9571-40A8-B3C1-DC343B668CDD}.Debug|Any CPU.ActiveCfg = Debug|Any CPU
		{6458D8BA-9571-40A8-B3C1-DC343B668CDD}.Debug|Any CPU.Build.0 = Debug|Any CPU
		{6458D8BA-9571-40A8-B3C1-DC343B668CDD}.Release|Any CPU.ActiveCfg = Release|Any CPU
		{6458D8BA-9571-40A8-B3C1-DC343B668CDD}.Release|Any CPU.Build.0 = Release|Any CPU
		{A719F900-7D1B-45BB-BF81-BA705F756537}.Debug|Any CPU.ActiveCfg = Debug|Any CPU
		{A719F900-7D1B-45BB-BF81-BA705F756537}.Debug|Any CPU.Build.0 = Debug|Any CPU
		{A719F900-7D1B-45BB-BF81-BA705F756537}.Release|Any CPU.ActiveCfg = Release|Any CPU
		{A719F900-7D1B-45BB-BF81-BA705F756537}.Release|Any CPU.Build.0 = Release|Any CPU
		{5804F4DD-5B8E-4FBD-9AD8-6E417DB9AD5D}.Debug|Any CPU.ActiveCfg = Debug|Any CPU
		{5804F4DD-5B8E-4FBD-9AD8-6E417DB9AD5D}.Debug|Any CPU.Build.0 = Debug|Any CPU
		{5804F4DD-5B8E-4FBD-9AD8-6E417DB9AD5D}.Release|Any CPU.ActiveCfg = Release|Any CPU
		{5804F4DD-5B8E-4FBD-9AD8-6E417DB9AD5D}.Release|Any CPU.Build.0 = Release|Any CPU
		{EF8A10D2-E2A1-4A1A-AA6F-588C57E01FE0}.Debug|Any CPU.ActiveCfg = Debug|Any CPU
		{EF8A10D2-E2A1-4A1A-AA6F-588C57E01FE0}.Debug|Any CPU.Build.0 = Debug|Any CPU
		{EF8A10D2-E2A1-4A1A-AA6F-588C57E01FE0}.Release|Any CPU.ActiveCfg = Release|Any CPU
		{EF8A10D2-E2A1-4A1A-AA6F-588C57E01FE0}.Release|Any CPU.Build.0 = Release|Any CPU
		{DEF879A6-B4EC-482A-8B80-AF0CC016F92E}.Debug|Any CPU.ActiveCfg = Debug|Any CPU
		{DEF879A6-B4EC-482A-8B80-AF0CC016F92E}.Debug|Any CPU.Build.0 = Debug|Any CPU
		{DEF879A6-B4EC-482A-8B80-AF0CC016F92E}.Release|Any CPU.ActiveCfg = Release|Any CPU
		{DEF879A6-B4EC-482A-8B80-AF0CC016F92E}.Release|Any CPU.Build.0 = Release|Any CPU
	EndGlobalSection
	GlobalSection(SolutionProperties) = preSolution
		HideSolutionNode = FALSE
	EndGlobalSection
	GlobalSection(ExtensibilityGlobals) = postSolution
		SolutionGuid = {C35ED49B-66E2-449A-A7FD-4ED265F35D26}
	EndGlobalSection
EndGlobal
