
Microsoft Visual Studio Solution File, Format Version 12.00
# Visual Studio Version 16
VisualStudioVersion = 25.0.1706.6
MinimumVisualStudioVersion = 10.0.40219.1
Project("{FAE04EC0-301F-11D3-BF4B-00C04F79EFBC}") = "01.SignOfIntegerNumbers", "01.SignOfIntegerNumbers.csproj", "{EACBCCC4-99A1-4663-93E5-9889106FCA0C}"
EndProject
Global
	GlobalSection(SolutionConfigurationPlatforms) = preSolution
		Debug|Any CPU = Debug|Any CPU
		Release|Any CPU = Release|Any CPU
	EndGlobalSection
	GlobalSection(ProjectConfigurationPlatforms) = postSolution
		{EACBCCC4-99A1-4663-93E5-9889106FCA0C}.Debug|Any CPU.ActiveCfg = Debug|Any CPU
		{EACBCCC4-99A1-4663-93E5-9889106FCA0C}.Debug|Any CPU.Build.0 = Debug|Any CPU
		{EACBCCC4-99A1-4663-93E5-9889106FCA0C}.Release|Any CPU.ActiveCfg = Release|Any CPU
		{EACBCCC4-99A1-4663-93E5-9889106FCA0C}.Release|Any CPU.Build.0 = Release|Any CPU
	EndGlobalSection
	GlobalSection(SolutionProperties) = preSolution
		HideSolutionNode = FALSE
	EndGlobalSection
	GlobalSection(ExtensibilityGlobals) = postSolution
		SolutionGuid = {F000DBBB-362C-4321-AF94-9E19E157644D}
	EndGlobalSection
EndGlobal
