
Microsoft Visual Studio Solution File, Format Version 12.00
# Visual Studio Version 16
VisualStudioVersion = 25.0.1706.7
MinimumVisualStudioVersion = 10.0.40219.1
Project("{FAE04EC0-301F-11D3-BF4B-00C04F79EFBC}") = "01.GuineaPig", "01.GuineaPig\01.GuineaPig.csproj", "{75DFF795-B67F-45B3-8A80-DC787A06FD57}"
EndProject
Project("{FAE04EC0-301F-11D3-BF4B-00C04F79EFBC}") = "02.ShoppingList", "02.ShoppingList\02.ShoppingList.csproj", "{F2FA5DFD-D9F3-4A4E-B05B-9DFBC09781F3}"
EndProject
Project("{FAE04EC0-301F-11D3-BF4B-00C04F79EFBC}") = "03.HeartDelivery", "03.HeartDelivery\03.HeartDelivery.csproj", "{AC69FB91-B276-4366-8E96-05B77C0D615C}"
EndProject
Global
	GlobalSection(SolutionConfigurationPlatforms) = preSolution
		Debug|Any CPU = Debug|Any CPU
		Release|Any CPU = Release|Any CPU
	EndGlobalSection
	GlobalSection(ProjectConfigurationPlatforms) = postSolution
		{75DFF795-B67F-45B3-8A80-DC787A06FD57}.Debug|Any CPU.ActiveCfg = Debug|Any CPU
		{75DFF795-B67F-45B3-8A80-DC787A06FD57}.Debug|Any CPU.Build.0 = Debug|Any CPU
		{75DFF795-B67F-45B3-8A80-DC787A06FD57}.Release|Any CPU.ActiveCfg = Release|Any CPU
		{75DFF795-B67F-45B3-8A80-DC787A06FD57}.Release|Any CPU.Build.0 = Release|Any CPU
		{F2FA5DFD-D9F3-4A4E-B05B-9DFBC09781F3}.Debug|Any CPU.ActiveCfg = Debug|Any CPU
		{F2FA5DFD-D9F3-4A4E-B05B-9DFBC09781F3}.Debug|Any CPU.Build.0 = Debug|Any CPU
		{F2FA5DFD-D9F3-4A4E-B05B-9DFBC09781F3}.Release|Any CPU.ActiveCfg = Release|Any CPU
		{F2FA5DFD-D9F3-4A4E-B05B-9DFBC09781F3}.Release|Any CPU.Build.0 = Release|Any CPU
		{AC69FB91-B276-4366-8E96-05B77C0D615C}.Debug|Any CPU.ActiveCfg = Debug|Any CPU
		{AC69FB91-B276-4366-8E96-05B77C0D615C}.Debug|Any CPU.Build.0 = Debug|Any CPU
		{AC69FB91-B276-4366-8E96-05B77C0D615C}.Release|Any CPU.ActiveCfg = Release|Any CPU
		{AC69FB91-B276-4366-8E96-05B77C0D615C}.Release|Any CPU.Build.0 = Release|Any CPU
	EndGlobalSection
	GlobalSection(SolutionProperties) = preSolution
		HideSolutionNode = FALSE
	EndGlobalSection
	GlobalSection(ExtensibilityGlobals) = postSolution
		SolutionGuid = {377D42D9-74E4-49C0-8818-1616894B8160}
	EndGlobalSection
EndGlobal
