
Microsoft Visual Studio Solution File, Format Version 12.00
# Visual Studio Version 16
VisualStudioVersion = 25.0.1706.8
MinimumVisualStudioVersion = 10.0.40219.1
Project("{FAE04EC0-301F-11D3-BF4B-00C04F79EFBC}") = "01.Encrypt,SortAndPrintArray", "01.Encrypt,SortAndPrintArray\01.Encrypt,SortAndPrintArray.csproj", "{2A154336-E7A5-4887-BE37-4545E0B02C21}"
EndProject
Project("{FAE04EC0-301F-11D3-BF4B-00C04F79EFBC}") = "02.PascalTriangle", "02.PascalTriangle\02.PascalTriangle.csproj", "{CC94D831-D334-48AA-8D50-871FFBF5825E}"
EndProject
Project("{FAE04EC0-301F-11D3-BF4B-00C04F79EFBC}") = "03.RecursiveFibonacci", "03.RecursiveFibonacci\03.RecursiveFibonacci.csproj", "{BCD9919E-1A34-484D-B4D0-BBCF4BA8CBAC}"
EndProject
Project("{FAE04EC0-301F-11D3-BF4B-00C04F79EFBC}") = "04.FoldAndSum", "04.FoldAndSum\04.FoldAndSum.csproj", "{868F487A-B95D-40F3-9A13-368B5FDB12E7}"
EndProject
Project("{FAE04EC0-301F-11D3-BF4B-00C04F79EFBC}") = "05.LongestIncreasingSubsequence", "05.LongestIncreasingSubsequence\05.LongestIncreasingSubsequence.csproj", "{8E9BE8A2-A054-416E-96E5-CD21778012D2}"
EndProject
Global
	GlobalSection(SolutionConfigurationPlatforms) = preSolution
		Debug|Any CPU = Debug|Any CPU
		Release|Any CPU = Release|Any CPU
	EndGlobalSection
	GlobalSection(ProjectConfigurationPlatforms) = postSolution
		{2A154336-E7A5-4887-BE37-4545E0B02C21}.Debug|Any CPU.ActiveCfg = Debug|Any CPU
		{2A154336-E7A5-4887-BE37-4545E0B02C21}.Debug|Any CPU.Build.0 = Debug|Any CPU
		{2A154336-E7A5-4887-BE37-4545E0B02C21}.Release|Any CPU.ActiveCfg = Release|Any CPU
		{2A154336-E7A5-4887-BE37-4545E0B02C21}.Release|Any CPU.Build.0 = Release|Any CPU
		{CC94D831-D334-48AA-8D50-871FFBF5825E}.Debug|Any CPU.ActiveCfg = Debug|Any CPU
		{CC94D831-D334-48AA-8D50-871FFBF5825E}.Debug|Any CPU.Build.0 = Debug|Any CPU
		{CC94D831-D334-48AA-8D50-871FFBF5825E}.Release|Any CPU.ActiveCfg = Release|Any CPU
		{CC94D831-D334-48AA-8D50-871FFBF5825E}.Release|Any CPU.Build.0 = Release|Any CPU
		{BCD9919E-1A34-484D-B4D0-BBCF4BA8CBAC}.Debug|Any CPU.ActiveCfg = Debug|Any CPU
		{BCD9919E-1A34-484D-B4D0-BBCF4BA8CBAC}.Debug|Any CPU.Build.0 = Debug|Any CPU
		{BCD9919E-1A34-484D-B4D0-BBCF4BA8CBAC}.Release|Any CPU.ActiveCfg = Release|Any CPU
		{BCD9919E-1A34-484D-B4D0-BBCF4BA8CBAC}.Release|Any CPU.Build.0 = Release|Any CPU
		{868F487A-B95D-40F3-9A13-368B5FDB12E7}.Debug|Any CPU.ActiveCfg = Debug|Any CPU
		{868F487A-B95D-40F3-9A13-368B5FDB12E7}.Debug|Any CPU.Build.0 = Debug|Any CPU
		{868F487A-B95D-40F3-9A13-368B5FDB12E7}.Release|Any CPU.ActiveCfg = Release|Any CPU
		{868F487A-B95D-40F3-9A13-368B5FDB12E7}.Release|Any CPU.Build.0 = Release|Any CPU
		{8E9BE8A2-A054-416E-96E5-CD21778012D2}.Debug|Any CPU.ActiveCfg = Debug|Any CPU
		{8E9BE8A2-A054-416E-96E5-CD21778012D2}.Debug|Any CPU.Build.0 = Debug|Any CPU
		{8E9BE8A2-A054-416E-96E5-CD21778012D2}.Release|Any CPU.ActiveCfg = Release|Any CPU
		{8E9BE8A2-A054-416E-96E5-CD21778012D2}.Release|Any CPU.Build.0 = Release|Any CPU
	EndGlobalSection
	GlobalSection(SolutionProperties) = preSolution
		HideSolutionNode = FALSE
	EndGlobalSection
	GlobalSection(ExtensibilityGlobals) = postSolution
		SolutionGuid = {7CE03CE7-3F1A-40A8-890C-3171D74F6EC2}
	EndGlobalSection
EndGlobal
