
Microsoft Visual Studio Solution File, Format Version 12.00
# Visual Studio Version 16
VisualStudioVersion = 25.0.1706.4
MinimumVisualStudioVersion = 10.0.40219.1
Project("{FAE04EC0-301F-11D3-BF4B-00C04F79EFBC}") = "01.USDtoBGN", "01.USDtoBGN\01.USDtoBGN.csproj", "{85F969EE-C9FA-4D1F-8D8C-BE389F7D5744}"
EndProject
Project("{FAE04EC0-301F-11D3-BF4B-00C04F79EFBC}") = "02. Radians to Degrees", "02. Radians to Degrees\02. Radians to Degrees.csproj", "{31F84513-6084-44C6-8ABA-5036BA8B87C7}"
EndProject
Project("{FAE04EC0-301F-11D3-BF4B-00C04F79EFBC}") = "03. Deposit Calculator", "03. Deposit Calculator\03. Deposit Calculator.csproj", "{14B82857-041D-4281-846D-F925AD47FD5E}"
EndProject
Project("{FAE04EC0-301F-11D3-BF4B-00C04F79EFBC}") = "04. Vacation Books List", "04. Vacation Books List\04. Vacation Books List.csproj", "{53A9C61E-CD33-41F9-8A51-616B5688FD88}"
EndProject
Project("{FAE04EC0-301F-11D3-BF4B-00C04F79EFBC}") = "05. Supplies for School", "05. Supplies for School\05. Supplies for School.csproj", "{E412DD1B-8570-4F86-8326-46FF54F4B4C3}"
EndProject
Project("{FAE04EC0-301F-11D3-BF4B-00C04F79EFBC}") = "06. Repainting", "06. Repainting\06. Repainting.csproj", "{3C33ED95-7803-43F8-A2BC-92FCCF582DD5}"
EndProject
Project("{FAE04EC0-301F-11D3-BF4B-00C04F79EFBC}") = "07. Food Delivery", "07. Food Delivery\07. Food Delivery.csproj", "{8569C130-DE3B-4518-BA4B-4033CE4223B9}"
EndProject
Project("{FAE04EC0-301F-11D3-BF4B-00C04F79EFBC}") = "08. Basketball Equipment", "08. Basketball Equipment\08. Basketball Equipment.csproj", "{3ECF3270-A813-4F0E-877F-87EB2834A75A}"
EndProject
Project("{FAE04EC0-301F-11D3-BF4B-00C04F79EFBC}") = "09. Fish Tank", "09. Fish Tank\09. Fish Tank.csproj", "{5E45F787-973B-4A1F-8726-D7AB94BAC29E}"
EndProject
Global
	GlobalSection(SolutionConfigurationPlatforms) = preSolution
		Debug|Any CPU = Debug|Any CPU
		Release|Any CPU = Release|Any CPU
	EndGlobalSection
	GlobalSection(ProjectConfigurationPlatforms) = postSolution
		{85F969EE-C9FA-4D1F-8D8C-BE389F7D5744}.Debug|Any CPU.ActiveCfg = Debug|Any CPU
		{85F969EE-C9FA-4D1F-8D8C-BE389F7D5744}.Debug|Any CPU.Build.0 = Debug|Any CPU
		{85F969EE-C9FA-4D1F-8D8C-BE389F7D5744}.Release|Any CPU.ActiveCfg = Release|Any CPU
		{85F969EE-C9FA-4D1F-8D8C-BE389F7D5744}.Release|Any CPU.Build.0 = Release|Any CPU
		{31F84513-6084-44C6-8ABA-5036BA8B87C7}.Debug|Any CPU.ActiveCfg = Debug|Any CPU
		{31F84513-6084-44C6-8ABA-5036BA8B87C7}.Debug|Any CPU.Build.0 = Debug|Any CPU
		{31F84513-6084-44C6-8ABA-5036BA8B87C7}.Release|Any CPU.ActiveCfg = Release|Any CPU
		{31F84513-6084-44C6-8ABA-5036BA8B87C7}.Release|Any CPU.Build.0 = Release|Any CPU
		{14B82857-041D-4281-846D-F925AD47FD5E}.Debug|Any CPU.ActiveCfg = Debug|Any CPU
		{14B82857-041D-4281-846D-F925AD47FD5E}.Debug|Any CPU.Build.0 = Debug|Any CPU
		{14B82857-041D-4281-846D-F925AD47FD5E}.Release|Any CPU.ActiveCfg = Release|Any CPU
		{14B82857-041D-4281-846D-F925AD47FD5E}.Release|Any CPU.Build.0 = Release|Any CPU
		{53A9C61E-CD33-41F9-8A51-616B5688FD88}.Debug|Any CPU.ActiveCfg = Debug|Any CPU
		{53A9C61E-CD33-41F9-8A51-616B5688FD88}.Debug|Any CPU.Build.0 = Debug|Any CPU
		{53A9C61E-CD33-41F9-8A51-616B5688FD88}.Release|Any CPU.ActiveCfg = Release|Any CPU
		{53A9C61E-CD33-41F9-8A51-616B5688FD88}.Release|Any CPU.Build.0 = Release|Any CPU
		{E412DD1B-8570-4F86-8326-46FF54F4B4C3}.Debug|Any CPU.ActiveCfg = Debug|Any CPU
		{E412DD1B-8570-4F86-8326-46FF54F4B4C3}.Debug|Any CPU.Build.0 = Debug|Any CPU
		{E412DD1B-8570-4F86-8326-46FF54F4B4C3}.Release|Any CPU.ActiveCfg = Release|Any CPU
		{E412DD1B-8570-4F86-8326-46FF54F4B4C3}.Release|Any CPU.Build.0 = Release|Any CPU
		{3C33ED95-7803-43F8-A2BC-92FCCF582DD5}.Debug|Any CPU.ActiveCfg = Debug|Any CPU
		{3C33ED95-7803-43F8-A2BC-92FCCF582DD5}.Debug|Any CPU.Build.0 = Debug|Any CPU
		{3C33ED95-7803-43F8-A2BC-92FCCF582DD5}.Release|Any CPU.ActiveCfg = Release|Any CPU
		{3C33ED95-7803-43F8-A2BC-92FCCF582DD5}.Release|Any CPU.Build.0 = Release|Any CPU
		{8569C130-DE3B-4518-BA4B-4033CE4223B9}.Debug|Any CPU.ActiveCfg = Debug|Any CPU
		{8569C130-DE3B-4518-BA4B-4033CE4223B9}.Debug|Any CPU.Build.0 = Debug|Any CPU
		{8569C130-DE3B-4518-BA4B-4033CE4223B9}.Release|Any CPU.ActiveCfg = Release|Any CPU
		{8569C130-DE3B-4518-BA4B-4033CE4223B9}.Release|Any CPU.Build.0 = Release|Any CPU
		{3ECF3270-A813-4F0E-877F-87EB2834A75A}.Debug|Any CPU.ActiveCfg = Debug|Any CPU
		{3ECF3270-A813-4F0E-877F-87EB2834A75A}.Debug|Any CPU.Build.0 = Debug|Any CPU
		{3ECF3270-A813-4F0E-877F-87EB2834A75A}.Release|Any CPU.ActiveCfg = Release|Any CPU
		{3ECF3270-A813-4F0E-877F-87EB2834A75A}.Release|Any CPU.Build.0 = Release|Any CPU
		{5E45F787-973B-4A1F-8726-D7AB94BAC29E}.Debug|Any CPU.ActiveCfg = Debug|Any CPU
		{5E45F787-973B-4A1F-8726-D7AB94BAC29E}.Debug|Any CPU.Build.0 = Debug|Any CPU
		{5E45F787-973B-4A1F-8726-D7AB94BAC29E}.Release|Any CPU.ActiveCfg = Release|Any CPU
		{5E45F787-973B-4A1F-8726-D7AB94BAC29E}.Release|Any CPU.Build.0 = Release|Any CPU
	EndGlobalSection
	GlobalSection(SolutionProperties) = preSolution
		HideSolutionNode = FALSE
	EndGlobalSection
	GlobalSection(ExtensibilityGlobals) = postSolution
		SolutionGuid = {ADEEB6C2-DC63-4482-8937-1846D82F2FF5}
	EndGlobalSection
EndGlobal
