
Microsoft Visual Studio Solution File, Format Version 12.00
# Visual Studio Version 16
VisualStudioVersion = 25.0.1706.4
MinimumVisualStudioVersion = 10.0.40219.1
Project("{FAE04EC0-301F-11D3-BF4B-00C04F79EFBC}") = "01. Day of Week", "01. Day of Week\01. Day of Week.csproj", "{D711F0FA-C2DC-4856-9C9A-19A92AAEB41E}"
EndProject
Project("{FAE04EC0-301F-11D3-BF4B-00C04F79EFBC}") = "02.Weekend or Working Day", "02.Weekend or Working Day\02.Weekend or Working Day.csproj", "{A501EDF9-0306-45A6-AA6A-06996A0207D5}"
EndProject
Project("{FAE04EC0-301F-11D3-BF4B-00C04F79EFBC}") = "03. Animal Type", "03. Animal Type\03. Animal Type.csproj", "{4DD955C6-577F-4F7E-B5C4-E7C54141B533}"
EndProject
Project("{FAE04EC0-301F-11D3-BF4B-00C04F79EFBC}") = "04. Personal Titles", "04. Personal Titles\04. Personal Titles.csproj", "{076C39F1-3E61-469F-90AD-D41477935816}"
EndProject
Project("{FAE04EC0-301F-11D3-BF4B-00C04F79EFBC}") = "05. Small Shop", "05. Small Shop\05. Small Shop.csproj", "{94F6BDCA-71E1-4AA2-8DFA-816923A924A6}"
EndProject
Project("{FAE04EC0-301F-11D3-BF4B-00C04F79EFBC}") = "06. Number in Range", "06. Number in Range\06. Number in Range.csproj", "{419BCEE6-31D9-434C-9DBE-1FEFB7DED715}"
EndProject
Project("{FAE04EC0-301F-11D3-BF4B-00C04F79EFBC}") = "07.Working Hours", "07.Working Hours\07.Working Hours.csproj", "{321C1805-D180-4639-BD97-1C5819900697}"
EndProject
Project("{FAE04EC0-301F-11D3-BF4B-00C04F79EFBC}") = "08.Cinema Ticket", "08.Cinema Ticket\08.Cinema Ticket.csproj", "{EA3E9D4C-B380-41A5-B034-B4503B6EDA32}"
EndProject
Project("{FAE04EC0-301F-11D3-BF4B-00C04F79EFBC}") = "09. Fruit or Vegetable", "09. Fruit or Vegetable\09. Fruit or Vegetable.csproj", "{A666443B-B211-4B77-899D-0B36AF01DBFF}"
EndProject
Project("{FAE04EC0-301F-11D3-BF4B-00C04F79EFBC}") = "10. Invalid Number", "10. Invalid Number\10. Invalid Number.csproj", "{6F49FCC4-C385-46C9-8BF7-C9BA947FCEE8}"
EndProject
Project("{FAE04EC0-301F-11D3-BF4B-00C04F79EFBC}") = "11. Fruit Shop", "11. Fruit Shop\11. Fruit Shop.csproj", "{19EDF9CD-2649-4A6F-B6D9-4D48926BCDE8}"
EndProject
Project("{FAE04EC0-301F-11D3-BF4B-00C04F79EFBC}") = "12. Trade Commissions", "12. Trade Commissions\12. Trade Commissions.csproj", "{A98E8F03-1327-418D-9775-2C5C8B26DC22}"
EndProject
Global
	GlobalSection(SolutionConfigurationPlatforms) = preSolution
		Debug|Any CPU = Debug|Any CPU
		Release|Any CPU = Release|Any CPU
	EndGlobalSection
	GlobalSection(ProjectConfigurationPlatforms) = postSolution
		{D711F0FA-C2DC-4856-9C9A-19A92AAEB41E}.Debug|Any CPU.ActiveCfg = Debug|Any CPU
		{D711F0FA-C2DC-4856-9C9A-19A92AAEB41E}.Debug|Any CPU.Build.0 = Debug|Any CPU
		{D711F0FA-C2DC-4856-9C9A-19A92AAEB41E}.Release|Any CPU.ActiveCfg = Release|Any CPU
		{D711F0FA-C2DC-4856-9C9A-19A92AAEB41E}.Release|Any CPU.Build.0 = Release|Any CPU
		{A501EDF9-0306-45A6-AA6A-06996A0207D5}.Debug|Any CPU.ActiveCfg = Debug|Any CPU
		{A501EDF9-0306-45A6-AA6A-06996A0207D5}.Debug|Any CPU.Build.0 = Debug|Any CPU
		{A501EDF9-0306-45A6-AA6A-06996A0207D5}.Release|Any CPU.ActiveCfg = Release|Any CPU
		{A501EDF9-0306-45A6-AA6A-06996A0207D5}.Release|Any CPU.Build.0 = Release|Any CPU
		{4DD955C6-577F-4F7E-B5C4-E7C54141B533}.Debug|Any CPU.ActiveCfg = Debug|Any CPU
		{4DD955C6-577F-4F7E-B5C4-E7C54141B533}.Debug|Any CPU.Build.0 = Debug|Any CPU
		{4DD955C6-577F-4F7E-B5C4-E7C54141B533}.Release|Any CPU.ActiveCfg = Release|Any CPU
		{4DD955C6-577F-4F7E-B5C4-E7C54141B533}.Release|Any CPU.Build.0 = Release|Any CPU
		{076C39F1-3E61-469F-90AD-D41477935816}.Debug|Any CPU.ActiveCfg = Debug|Any CPU
		{076C39F1-3E61-469F-90AD-D41477935816}.Debug|Any CPU.Build.0 = Debug|Any CPU
		{076C39F1-3E61-469F-90AD-D41477935816}.Release|Any CPU.ActiveCfg = Release|Any CPU
		{076C39F1-3E61-469F-90AD-D41477935816}.Release|Any CPU.Build.0 = Release|Any CPU
		{94F6BDCA-71E1-4AA2-8DFA-816923A924A6}.Debug|Any CPU.ActiveCfg = Debug|Any CPU
		{94F6BDCA-71E1-4AA2-8DFA-816923A924A6}.Debug|Any CPU.Build.0 = Debug|Any CPU
		{94F6BDCA-71E1-4AA2-8DFA-816923A924A6}.Release|Any CPU.ActiveCfg = Release|Any CPU
		{94F6BDCA-71E1-4AA2-8DFA-816923A924A6}.Release|Any CPU.Build.0 = Release|Any CPU
		{419BCEE6-31D9-434C-9DBE-1FEFB7DED715}.Debug|Any CPU.ActiveCfg = Debug|Any CPU
		{419BCEE6-31D9-434C-9DBE-1FEFB7DED715}.Debug|Any CPU.Build.0 = Debug|Any CPU
		{419BCEE6-31D9-434C-9DBE-1FEFB7DED715}.Release|Any CPU.ActiveCfg = Release|Any CPU
		{419BCEE6-31D9-434C-9DBE-1FEFB7DED715}.Release|Any CPU.Build.0 = Release|Any CPU
		{321C1805-D180-4639-BD97-1C5819900697}.Debug|Any CPU.ActiveCfg = Debug|Any CPU
		{321C1805-D180-4639-BD97-1C5819900697}.Debug|Any CPU.Build.0 = Debug|Any CPU
		{321C1805-D180-4639-BD97-1C5819900697}.Release|Any CPU.ActiveCfg = Release|Any CPU
		{321C1805-D180-4639-BD97-1C5819900697}.Release|Any CPU.Build.0 = Release|Any CPU
		{EA3E9D4C-B380-41A5-B034-B4503B6EDA32}.Debug|Any CPU.ActiveCfg = Debug|Any CPU
		{EA3E9D4C-B380-41A5-B034-B4503B6EDA32}.Debug|Any CPU.Build.0 = Debug|Any CPU
		{EA3E9D4C-B380-41A5-B034-B4503B6EDA32}.Release|Any CPU.ActiveCfg = Release|Any CPU
		{EA3E9D4C-B380-41A5-B034-B4503B6EDA32}.Release|Any CPU.Build.0 = Release|Any CPU
		{A666443B-B211-4B77-899D-0B36AF01DBFF}.Debug|Any CPU.ActiveCfg = Debug|Any CPU
		{A666443B-B211-4B77-899D-0B36AF01DBFF}.Debug|Any CPU.Build.0 = Debug|Any CPU
		{A666443B-B211-4B77-899D-0B36AF01DBFF}.Release|Any CPU.ActiveCfg = Release|Any CPU
		{A666443B-B211-4B77-899D-0B36AF01DBFF}.Release|Any CPU.Build.0 = Release|Any CPU
		{6F49FCC4-C385-46C9-8BF7-C9BA947FCEE8}.Debug|Any CPU.ActiveCfg = Debug|Any CPU
		{6F49FCC4-C385-46C9-8BF7-C9BA947FCEE8}.Debug|Any CPU.Build.0 = Debug|Any CPU
		{6F49FCC4-C385-46C9-8BF7-C9BA947FCEE8}.Release|Any CPU.ActiveCfg = Release|Any CPU
		{6F49FCC4-C385-46C9-8BF7-C9BA947FCEE8}.Release|Any CPU.Build.0 = Release|Any CPU
		{19EDF9CD-2649-4A6F-B6D9-4D48926BCDE8}.Debug|Any CPU.ActiveCfg = Debug|Any CPU
		{19EDF9CD-2649-4A6F-B6D9-4D48926BCDE8}.Debug|Any CPU.Build.0 = Debug|Any CPU
		{19EDF9CD-2649-4A6F-B6D9-4D48926BCDE8}.Release|Any CPU.ActiveCfg = Release|Any CPU
		{19EDF9CD-2649-4A6F-B6D9-4D48926BCDE8}.Release|Any CPU.Build.0 = Release|Any CPU
		{A98E8F03-1327-418D-9775-2C5C8B26DC22}.Debug|Any CPU.ActiveCfg = Debug|Any CPU
		{A98E8F03-1327-418D-9775-2C5C8B26DC22}.Debug|Any CPU.Build.0 = Debug|Any CPU
		{A98E8F03-1327-418D-9775-2C5C8B26DC22}.Release|Any CPU.ActiveCfg = Release|Any CPU
		{A98E8F03-1327-418D-9775-2C5C8B26DC22}.Release|Any CPU.Build.0 = Release|Any CPU
	EndGlobalSection
	GlobalSection(SolutionProperties) = preSolution
		HideSolutionNode = FALSE
	EndGlobalSection
	GlobalSection(ExtensibilityGlobals) = postSolution
		SolutionGuid = {54C00058-DF68-485B-9385-654E88D5B15F}
	EndGlobalSection
EndGlobal
