
Microsoft Visual Studio Solution File, Format Version 12.00
# Visual Studio Version 16
VisualStudioVersion = 25.0.1706.7
MinimumVisualStudioVersion = 10.0.40219.1
Project("{FAE04EC0-301F-11D3-BF4B-00C04F79EFBC}") = "01.CompanyRoster", "01.CompanyRoster\01.CompanyRoster.csproj", "{77904720-C36C-4A8F-8C5C-6E59BBBF096A}"
EndProject
Project("{FAE04EC0-301F-11D3-BF4B-00C04F79EFBC}") = "02.OldestFamilyMember", "02.OldestFamilyMember\02.OldestFamilyMember.csproj", "{32C39344-08BB-463A-A647-DB42B14F9111}"
EndProject
Project("{FAE04EC0-301F-11D3-BF4B-00C04F79EFBC}") = "03.SpeedRacing", "03.SpeedRacing\03.SpeedRacing.csproj", "{0B9454B7-9328-42D7-876F-3266AC092924}"
EndProject
Project("{FAE04EC0-301F-11D3-BF4B-00C04F79EFBC}") = "04.RawData", "04.RawData\04.RawData.csproj", "{1C58CA54-CC4E-43E6-A0BE-E1C069CA6A41}"
EndProject
Project("{FAE04EC0-301F-11D3-BF4B-00C04F79EFBC}") = "05.ShoppingSpree", "05.ShoppingSpree\05.ShoppingSpree.csproj", "{CC3A3A6B-0881-44B0-B1E5-638D7003A6BD}"
EndProject
Project("{FAE04EC0-301F-11D3-BF4B-00C04F79EFBC}") = "demo", "demo\demo.csproj", "{FC3CA14E-9E39-4CFA-AD56-AFD1206F93E6}"
EndProject
Global
	GlobalSection(SolutionConfigurationPlatforms) = preSolution
		Debug|Any CPU = Debug|Any CPU
		Release|Any CPU = Release|Any CPU
	EndGlobalSection
	GlobalSection(ProjectConfigurationPlatforms) = postSolution
		{77904720-C36C-4A8F-8C5C-6E59BBBF096A}.Debug|Any CPU.ActiveCfg = Debug|Any CPU
		{77904720-C36C-4A8F-8C5C-6E59BBBF096A}.Debug|Any CPU.Build.0 = Debug|Any CPU
		{77904720-C36C-4A8F-8C5C-6E59BBBF096A}.Release|Any CPU.ActiveCfg = Release|Any CPU
		{77904720-C36C-4A8F-8C5C-6E59BBBF096A}.Release|Any CPU.Build.0 = Release|Any CPU
		{32C39344-08BB-463A-A647-DB42B14F9111}.Debug|Any CPU.ActiveCfg = Debug|Any CPU
		{32C39344-08BB-463A-A647-DB42B14F9111}.Debug|Any CPU.Build.0 = Debug|Any CPU
		{32C39344-08BB-463A-A647-DB42B14F9111}.Release|Any CPU.ActiveCfg = Release|Any CPU
		{32C39344-08BB-463A-A647-DB42B14F9111}.Release|Any CPU.Build.0 = Release|Any CPU
		{0B9454B7-9328-42D7-876F-3266AC092924}.Debug|Any CPU.ActiveCfg = Debug|Any CPU
		{0B9454B7-9328-42D7-876F-3266AC092924}.Debug|Any CPU.Build.0 = Debug|Any CPU
		{0B9454B7-9328-42D7-876F-3266AC092924}.Release|Any CPU.ActiveCfg = Release|Any CPU
		{0B9454B7-9328-42D7-876F-3266AC092924}.Release|Any CPU.Build.0 = Release|Any CPU
		{1C58CA54-CC4E-43E6-A0BE-E1C069CA6A41}.Debug|Any CPU.ActiveCfg = Debug|Any CPU
		{1C58CA54-CC4E-43E6-A0BE-E1C069CA6A41}.Debug|Any CPU.Build.0 = Debug|Any CPU
		{1C58CA54-CC4E-43E6-A0BE-E1C069CA6A41}.Release|Any CPU.ActiveCfg = Release|Any CPU
		{1C58CA54-CC4E-43E6-A0BE-E1C069CA6A41}.Release|Any CPU.Build.0 = Release|Any CPU
		{CC3A3A6B-0881-44B0-B1E5-638D7003A6BD}.Debug|Any CPU.ActiveCfg = Debug|Any CPU
		{CC3A3A6B-0881-44B0-B1E5-638D7003A6BD}.Debug|Any CPU.Build.0 = Debug|Any CPU
		{CC3A3A6B-0881-44B0-B1E5-638D7003A6BD}.Release|Any CPU.ActiveCfg = Release|Any CPU
		{CC3A3A6B-0881-44B0-B1E5-638D7003A6BD}.Release|Any CPU.Build.0 = Release|Any CPU
		{FC3CA14E-9E39-4CFA-AD56-AFD1206F93E6}.Debug|Any CPU.ActiveCfg = Debug|Any CPU
		{FC3CA14E-9E39-4CFA-AD56-AFD1206F93E6}.Debug|Any CPU.Build.0 = Debug|Any CPU
		{FC3CA14E-9E39-4CFA-AD56-AFD1206F93E6}.Release|Any CPU.ActiveCfg = Release|Any CPU
		{FC3CA14E-9E39-4CFA-AD56-AFD1206F93E6}.Release|Any CPU.Build.0 = Release|Any CPU
	EndGlobalSection
	GlobalSection(SolutionProperties) = preSolution
		HideSolutionNode = FALSE
	EndGlobalSection
	GlobalSection(ExtensibilityGlobals) = postSolution
		SolutionGuid = {1F4D3A80-05BD-4659-93BC-D5DDE90B28F1}
	EndGlobalSection
EndGlobal
