
Microsoft Visual Studio Solution File, Format Version 12.00
# Visual Studio Version 16
VisualStudioVersion = 25.0.1706.12
MinimumVisualStudioVersion = 10.0.40219.1
Project("{FAE04EC0-301F-11D3-BF4B-00C04F79EFBC}") = "01.SortEvenNumbers", "01.SortEvenNumbers\01.SortEvenNumbers.csproj", "{6FBD326C-D1FC-4179-A55E-223776F1564D}"
EndProject
Project("{FAE04EC0-301F-11D3-BF4B-00C04F79EFBC}") = "02.SumNumbers", "02.SumNumbers\02.SumNumbers.csproj", "{8FF3AB91-A244-4F34-BD3B-BD7CCC16DE3A}"
EndProject
Project("{FAE04EC0-301F-11D3-BF4B-00C04F79EFBC}") = "03.CountUppercaseWords", "03.CountUppercaseWords\03.CountUppercaseWords.csproj", "{4FE2B362-F834-49C8-971C-D06BEF4A1D57}"
EndProject
Project("{FAE04EC0-301F-11D3-BF4B-00C04F79EFBC}") = "04.AddVAT", "04.AddVAT\04.AddVAT.csproj", "{D15E8086-E34E-47C4-91F7-2AF58CEFFD31}"
EndProject
Project("{FAE04EC0-301F-11D3-BF4B-00C04F79EFBC}") = "05.FilterByAge", "05.FilterByAge\05.FilterByAge.csproj", "{4FE36C04-D32D-4357-A0DE-D8DACEF913DE}"
EndProject
Global
	GlobalSection(SolutionConfigurationPlatforms) = preSolution
		Debug|Any CPU = Debug|Any CPU
		Release|Any CPU = Release|Any CPU
	EndGlobalSection
	GlobalSection(ProjectConfigurationPlatforms) = postSolution
		{6FBD326C-D1FC-4179-A55E-223776F1564D}.Debug|Any CPU.ActiveCfg = Debug|Any CPU
		{6FBD326C-D1FC-4179-A55E-223776F1564D}.Debug|Any CPU.Build.0 = Debug|Any CPU
		{6FBD326C-D1FC-4179-A55E-223776F1564D}.Release|Any CPU.ActiveCfg = Release|Any CPU
		{6FBD326C-D1FC-4179-A55E-223776F1564D}.Release|Any CPU.Build.0 = Release|Any CPU
		{8FF3AB91-A244-4F34-BD3B-BD7CCC16DE3A}.Debug|Any CPU.ActiveCfg = Debug|Any CPU
		{8FF3AB91-A244-4F34-BD3B-BD7CCC16DE3A}.Debug|Any CPU.Build.0 = Debug|Any CPU
		{8FF3AB91-A244-4F34-BD3B-BD7CCC16DE3A}.Release|Any CPU.ActiveCfg = Release|Any CPU
		{8FF3AB91-A244-4F34-BD3B-BD7CCC16DE3A}.Release|Any CPU.Build.0 = Release|Any CPU
		{4FE2B362-F834-49C8-971C-D06BEF4A1D57}.Debug|Any CPU.ActiveCfg = Debug|Any CPU
		{4FE2B362-F834-49C8-971C-D06BEF4A1D57}.Debug|Any CPU.Build.0 = Debug|Any CPU
		{4FE2B362-F834-49C8-971C-D06BEF4A1D57}.Release|Any CPU.ActiveCfg = Release|Any CPU
		{4FE2B362-F834-49C8-971C-D06BEF4A1D57}.Release|Any CPU.Build.0 = Release|Any CPU
		{D15E8086-E34E-47C4-91F7-2AF58CEFFD31}.Debug|Any CPU.ActiveCfg = Debug|Any CPU
		{D15E8086-E34E-47C4-91F7-2AF58CEFFD31}.Debug|Any CPU.Build.0 = Debug|Any CPU
		{D15E8086-E34E-47C4-91F7-2AF58CEFFD31}.Release|Any CPU.ActiveCfg = Release|Any CPU
		{D15E8086-E34E-47C4-91F7-2AF58CEFFD31}.Release|Any CPU.Build.0 = Release|Any CPU
		{4FE36C04-D32D-4357-A0DE-D8DACEF913DE}.Debug|Any CPU.ActiveCfg = Debug|Any CPU
		{4FE36C04-D32D-4357-A0DE-D8DACEF913DE}.Debug|Any CPU.Build.0 = Debug|Any CPU
		{4FE36C04-D32D-4357-A0DE-D8DACEF913DE}.Release|Any CPU.ActiveCfg = Release|Any CPU
		{4FE36C04-D32D-4357-A0DE-D8DACEF913DE}.Release|Any CPU.Build.0 = Release|Any CPU
	EndGlobalSection
	GlobalSection(SolutionProperties) = preSolution
		HideSolutionNode = FALSE
	EndGlobalSection
	GlobalSection(ExtensibilityGlobals) = postSolution
		SolutionGuid = {938E9F22-90E8-4AB4-85B6-FF4E3F22A237}
	EndGlobalSection
EndGlobal
