
Microsoft Visual Studio Solution File, Format Version 12.00
# Visual Studio Version 16
VisualStudioVersion = 25.0.1706.7
MinimumVisualStudioVersion = 10.0.40219.1
Project("{FAE04EC0-301F-11D3-BF4B-00C04F79EFBC}") = "01.ActivationKeys", "01.ActivationKeys\01.ActivationKeys.csproj", "{8B6569BD-1006-4CF0-91E5-24A090D235F0}"
EndProject
Project("{FAE04EC0-301F-11D3-BF4B-00C04F79EFBC}") = "02.EmojiDetector", "02.EmojiDetector\02.EmojiDetector.csproj", "{6C095364-63FD-40C8-B78D-904F54A340FB}"
EndProject
Project("{FAE04EC0-301F-11D3-BF4B-00C04F79EFBC}") = "03.P!rates", "03.P!rates\03.P!rates.csproj", "{62629950-1950-4FE3-BCA4-8E6EE09AB18B}"
EndProject
Global
	GlobalSection(SolutionConfigurationPlatforms) = preSolution
		Debug|Any CPU = Debug|Any CPU
		Release|Any CPU = Release|Any CPU
	EndGlobalSection
	GlobalSection(ProjectConfigurationPlatforms) = postSolution
		{8B6569BD-1006-4CF0-91E5-24A090D235F0}.Debug|Any CPU.ActiveCfg = Debug|Any CPU
		{8B6569BD-1006-4CF0-91E5-24A090D235F0}.Debug|Any CPU.Build.0 = Debug|Any CPU
		{8B6569BD-1006-4CF0-91E5-24A090D235F0}.Release|Any CPU.ActiveCfg = Release|Any CPU
		{8B6569BD-1006-4CF0-91E5-24A090D235F0}.Release|Any CPU.Build.0 = Release|Any CPU
		{6C095364-63FD-40C8-B78D-904F54A340FB}.Debug|Any CPU.ActiveCfg = Debug|Any CPU
		{6C095364-63FD-40C8-B78D-904F54A340FB}.Debug|Any CPU.Build.0 = Debug|Any CPU
		{6C095364-63FD-40C8-B78D-904F54A340FB}.Release|Any CPU.ActiveCfg = Release|Any CPU
		{6C095364-63FD-40C8-B78D-904F54A340FB}.Release|Any CPU.Build.0 = Release|Any CPU
		{62629950-1950-4FE3-BCA4-8E6EE09AB18B}.Debug|Any CPU.ActiveCfg = Debug|Any CPU
		{62629950-1950-4FE3-BCA4-8E6EE09AB18B}.Debug|Any CPU.Build.0 = Debug|Any CPU
		{62629950-1950-4FE3-BCA4-8E6EE09AB18B}.Release|Any CPU.ActiveCfg = Release|Any CPU
		{62629950-1950-4FE3-BCA4-8E6EE09AB18B}.Release|Any CPU.Build.0 = Release|Any CPU
	EndGlobalSection
	GlobalSection(SolutionProperties) = preSolution
		HideSolutionNode = FALSE
	EndGlobalSection
	GlobalSection(ExtensibilityGlobals) = postSolution
		SolutionGuid = {37D80616-C315-4191-84B1-B86B7B07746F}
	EndGlobalSection
EndGlobal
