
Microsoft Visual Studio Solution File, Format Version 12.00
# Visual Studio Version 16
VisualStudioVersion = 25.0.1706.4
MinimumVisualStudioVersion = 10.0.40219.1
Project("{FAE04EC0-301F-11D3-BF4B-00C04F79EFBC}") = "InchesToSantimeters", "InchesToSantimeters\InchesToSantimeters.csproj", "{6BBF3BB7-D43D-453C-A756-23F9123282C1}"
EndProject
Global
	GlobalSection(SolutionConfigurationPlatforms) = preSolution
		Debug|Any CPU = Debug|Any CPU
		Release|Any CPU = Release|Any CPU
	EndGlobalSection
	GlobalSection(ProjectConfigurationPlatforms) = postSolution
		{6BBF3BB7-D43D-453C-A756-23F9123282C1}.Debug|Any CPU.ActiveCfg = Debug|Any CPU
		{6BBF3BB7-D43D-453C-A756-23F9123282C1}.Debug|Any CPU.Build.0 = Debug|Any CPU
		{6BBF3BB7-D43D-453C-A756-23F9123282C1}.Release|Any CPU.ActiveCfg = Release|Any CPU
		{6BBF3BB7-D43D-453C-A756-23F9123282C1}.Release|Any CPU.Build.0 = Release|Any CPU
	EndGlobalSection
	GlobalSection(SolutionProperties) = preSolution
		HideSolutionNode = FALSE
	EndGlobalSection
	GlobalSection(ExtensibilityGlobals) = postSolution
		SolutionGuid = {E0A1B6D8-379B-4FFF-BB28-073031C7BD1E}
	EndGlobalSection
EndGlobal
