
Microsoft Visual Studio Solution File, Format Version 12.00
# Visual Studio Version 16
VisualStudioVersion = 25.0.1706.7
MinimumVisualStudioVersion = 10.0.40219.1
Project("{FAE04EC0-301F-11D3-BF4B-00C04F79EFBC}") = "01.AdvertisementMessage", "01.AdvertisementMessage\01.AdvertisementMessage.csproj", "{92EDEDAE-AE93-4263-9AD9-40A7D6AFAA57}"
EndProject
Project("{FAE04EC0-301F-11D3-BF4B-00C04F79EFBC}") = "02.Articles", "02.Articles\02.Articles.csproj", "{F9D8DD81-867B-42AD-9DE3-043EA46466BF}"
EndProject
Project("{FAE04EC0-301F-11D3-BF4B-00C04F79EFBC}") = "03.Articles2.0", "03.Articles2.0\03.Articles2.0.csproj", "{957EA730-10AD-4606-92D1-5AD20D21E1CD}"
EndProject
Project("{FAE04EC0-301F-11D3-BF4B-00C04F79EFBC}") = "04.Students", "04.Students\04.Students.csproj", "{7F671685-84BA-4357-A328-F424AE4A9794}"
EndProject
Project("{FAE04EC0-301F-11D3-BF4B-00C04F79EFBC}") = "05.TeamworkProjects", "05.TeamworkProjects\05.TeamworkProjects.csproj", "{D64A57B8-4A51-422C-959B-CC99BD9A7176}"
EndProject
Project("{FAE04EC0-301F-11D3-BF4B-00C04F79EFBC}") = "06.VehicleCatalogue", "06.VehicleCatalogue\06.VehicleCatalogue.csproj", "{F2516D85-C2D0-488D-9504-9494445D3306}"
EndProject
Project("{FAE04EC0-301F-11D3-BF4B-00C04F79EFBC}") = "07.OrderByAge", "07.OrderByAge\07.OrderByAge.csproj", "{39C73012-2BC4-4DEF-8B34-BDAF3A4ED5E6}"
EndProject
Global
	GlobalSection(SolutionConfigurationPlatforms) = preSolution
		Debug|Any CPU = Debug|Any CPU
		Release|Any CPU = Release|Any CPU
	EndGlobalSection
	GlobalSection(ProjectConfigurationPlatforms) = postSolution
		{92EDEDAE-AE93-4263-9AD9-40A7D6AFAA57}.Debug|Any CPU.ActiveCfg = Debug|Any CPU
		{92EDEDAE-AE93-4263-9AD9-40A7D6AFAA57}.Debug|Any CPU.Build.0 = Debug|Any CPU
		{92EDEDAE-AE93-4263-9AD9-40A7D6AFAA57}.Release|Any CPU.ActiveCfg = Release|Any CPU
		{92EDEDAE-AE93-4263-9AD9-40A7D6AFAA57}.Release|Any CPU.Build.0 = Release|Any CPU
		{F9D8DD81-867B-42AD-9DE3-043EA46466BF}.Debug|Any CPU.ActiveCfg = Debug|Any CPU
		{F9D8DD81-867B-42AD-9DE3-043EA46466BF}.Debug|Any CPU.Build.0 = Debug|Any CPU
		{F9D8DD81-867B-42AD-9DE3-043EA46466BF}.Release|Any CPU.ActiveCfg = Release|Any CPU
		{F9D8DD81-867B-42AD-9DE3-043EA46466BF}.Release|Any CPU.Build.0 = Release|Any CPU
		{957EA730-10AD-4606-92D1-5AD20D21E1CD}.Debug|Any CPU.ActiveCfg = Debug|Any CPU
		{957EA730-10AD-4606-92D1-5AD20D21E1CD}.Debug|Any CPU.Build.0 = Debug|Any CPU
		{957EA730-10AD-4606-92D1-5AD20D21E1CD}.Release|Any CPU.ActiveCfg = Release|Any CPU
		{957EA730-10AD-4606-92D1-5AD20D21E1CD}.Release|Any CPU.Build.0 = Release|Any CPU
		{7F671685-84BA-4357-A328-F424AE4A9794}.Debug|Any CPU.ActiveCfg = Debug|Any CPU
		{7F671685-84BA-4357-A328-F424AE4A9794}.Debug|Any CPU.Build.0 = Debug|Any CPU
		{7F671685-84BA-4357-A328-F424AE4A9794}.Release|Any CPU.ActiveCfg = Release|Any CPU
		{7F671685-84BA-4357-A328-F424AE4A9794}.Release|Any CPU.Build.0 = Release|Any CPU
		{D64A57B8-4A51-422C-959B-CC99BD9A7176}.Debug|Any CPU.ActiveCfg = Debug|Any CPU
		{D64A57B8-4A51-422C-959B-CC99BD9A7176}.Debug|Any CPU.Build.0 = Debug|Any CPU
		{D64A57B8-4A51-422C-959B-CC99BD9A7176}.Release|Any CPU.ActiveCfg = Release|Any CPU
		{D64A57B8-4A51-422C-959B-CC99BD9A7176}.Release|Any CPU.Build.0 = Release|Any CPU
		{F2516D85-C2D0-488D-9504-9494445D3306}.Debug|Any CPU.ActiveCfg = Debug|Any CPU
		{F2516D85-C2D0-488D-9504-9494445D3306}.Debug|Any CPU.Build.0 = Debug|Any CPU
		{F2516D85-C2D0-488D-9504-9494445D3306}.Release|Any CPU.ActiveCfg = Release|Any CPU
		{F2516D85-C2D0-488D-9504-9494445D3306}.Release|Any CPU.Build.0 = Release|Any CPU
		{39C73012-2BC4-4DEF-8B34-BDAF3A4ED5E6}.Debug|Any CPU.ActiveCfg = Debug|Any CPU
		{39C73012-2BC4-4DEF-8B34-BDAF3A4ED5E6}.Debug|Any CPU.Build.0 = Debug|Any CPU
		{39C73012-2BC4-4DEF-8B34-BDAF3A4ED5E6}.Release|Any CPU.ActiveCfg = Release|Any CPU
		{39C73012-2BC4-4DEF-8B34-BDAF3A4ED5E6}.Release|Any CPU.Build.0 = Release|Any CPU
	EndGlobalSection
	GlobalSection(SolutionProperties) = preSolution
		HideSolutionNode = FALSE
	EndGlobalSection
	GlobalSection(ExtensibilityGlobals) = postSolution
		SolutionGuid = {B3D35355-56B4-4603-B556-1ED35776DE61}
	EndGlobalSection
EndGlobal
