
Microsoft Visual Studio Solution File, Format Version 12.00
# Visual Studio Version 16
VisualStudioVersion = 25.0.1706.10
MinimumVisualStudioVersion = 10.0.40219.1
Project("{FAE04EC0-301F-11D3-BF4B-00C04F79EFBC}") = "01.MatchFullName", "01.MatchFullName\01.MatchFullName.csproj", "{A8DF2B4D-402C-4773-A0D2-8308CA8253D7}"
EndProject
Project("{FAE04EC0-301F-11D3-BF4B-00C04F79EFBC}") = "02.MatchPhoneNumber", "02.MatchPhoneNumber\02.MatchPhoneNumber.csproj", "{20EE1A60-8710-46CF-9C2E-7FF5DAA21636}"
EndProject
Project("{FAE04EC0-301F-11D3-BF4B-00C04F79EFBC}") = "03.MatchDates", "03.MatchDates\03.MatchDates.csproj", "{BC1A3B44-C813-4D28-9FAC-3D47EC4EA50B}"
EndProject
Global
	GlobalSection(SolutionConfigurationPlatforms) = preSolution
		Debug|Any CPU = Debug|Any CPU
		Release|Any CPU = Release|Any CPU
	EndGlobalSection
	GlobalSection(ProjectConfigurationPlatforms) = postSolution
		{A8DF2B4D-402C-4773-A0D2-8308CA8253D7}.Debug|Any CPU.ActiveCfg = Debug|Any CPU
		{A8DF2B4D-402C-4773-A0D2-8308CA8253D7}.Debug|Any CPU.Build.0 = Debug|Any CPU
		{A8DF2B4D-402C-4773-A0D2-8308CA8253D7}.Release|Any CPU.ActiveCfg = Release|Any CPU
		{A8DF2B4D-402C-4773-A0D2-8308CA8253D7}.Release|Any CPU.Build.0 = Release|Any CPU
		{20EE1A60-8710-46CF-9C2E-7FF5DAA21636}.Debug|Any CPU.ActiveCfg = Debug|Any CPU
		{20EE1A60-8710-46CF-9C2E-7FF5DAA21636}.Debug|Any CPU.Build.0 = Debug|Any CPU
		{20EE1A60-8710-46CF-9C2E-7FF5DAA21636}.Release|Any CPU.ActiveCfg = Release|Any CPU
		{20EE1A60-8710-46CF-9C2E-7FF5DAA21636}.Release|Any CPU.Build.0 = Release|Any CPU
		{BC1A3B44-C813-4D28-9FAC-3D47EC4EA50B}.Debug|Any CPU.ActiveCfg = Debug|Any CPU
		{BC1A3B44-C813-4D28-9FAC-3D47EC4EA50B}.Debug|Any CPU.Build.0 = Debug|Any CPU
		{BC1A3B44-C813-4D28-9FAC-3D47EC4EA50B}.Release|Any CPU.ActiveCfg = Release|Any CPU
		{BC1A3B44-C813-4D28-9FAC-3D47EC4EA50B}.Release|Any CPU.Build.0 = Release|Any CPU
	EndGlobalSection
	GlobalSection(SolutionProperties) = preSolution
		HideSolutionNode = FALSE
	EndGlobalSection
	GlobalSection(ExtensibilityGlobals) = postSolution
		SolutionGuid = {99EEEBBD-6F59-496D-97DA-554D989BB918}
	EndGlobalSection
EndGlobal
