
Microsoft Visual Studio Solution File, Format Version 12.00
# Visual Studio Version 16
VisualStudioVersion = 25.0.1706.7
MinimumVisualStudioVersion = 10.0.40219.1
Project("{FAE04EC0-301F-11D3-BF4B-00C04F79EFBC}") = "01.ValidUsernames", "01.ValidUsernames\01.ValidUsernames.csproj", "{74200843-2F59-4B02-B3AB-0FA7A0A18322}"
EndProject
Project("{FAE04EC0-301F-11D3-BF4B-00C04F79EFBC}") = "02.CharacterMultiplier", "02.CharacterMultiplier\02.CharacterMultiplier.csproj", "{B4383AA9-913B-44BF-9D1E-3DA470A98803}"
EndProject
Project("{FAE04EC0-301F-11D3-BF4B-00C04F79EFBC}") = "03.ExtractFile", "03.ExtractFile\03.ExtractFile.csproj", "{13ABBA0F-DCCB-4948-882F-207F87F69A54}"
EndProject
Project("{FAE04EC0-301F-11D3-BF4B-00C04F79EFBC}") = "04.CaesarCipher", "04.CaesarCipher\04.CaesarCipher.csproj", "{C304EDB2-92BB-4DFF-8D48-8957BF3006EC}"
EndProject
Project("{FAE04EC0-301F-11D3-BF4B-00C04F79EFBC}") = "05.MultiplyBigNumber", "05.MultiplyBigNumber\05.MultiplyBigNumber.csproj", "{1ED72748-7C54-4895-97B8-4502351B2BAC}"
EndProject
Project("{FAE04EC0-301F-11D3-BF4B-00C04F79EFBC}") = "06.ReplaceRepeatingChars", "06.ReplaceRepeatingChars\06.ReplaceRepeatingChars.csproj", "{6AF8A076-B62D-44DA-A7A5-7C7A8DBC364D}"
EndProject
Project("{FAE04EC0-301F-11D3-BF4B-00C04F79EFBC}") = "07.StringExplosion", "07.StringExplosion\07.StringExplosion.csproj", "{B6CDF4B7-D632-4B35-918B-2B911566BBCC}"
EndProject
Project("{FAE04EC0-301F-11D3-BF4B-00C04F79EFBC}") = "08.LettersChangeNumbers", "08.LettersChangeNumbers\08.LettersChangeNumbers.csproj", "{69D305BE-0A90-436F-9DF9-62298072CAC9}"
EndProject
Global
	GlobalSection(SolutionConfigurationPlatforms) = preSolution
		Debug|Any CPU = Debug|Any CPU
		Release|Any CPU = Release|Any CPU
	EndGlobalSection
	GlobalSection(ProjectConfigurationPlatforms) = postSolution
		{74200843-2F59-4B02-B3AB-0FA7A0A18322}.Debug|Any CPU.ActiveCfg = Debug|Any CPU
		{74200843-2F59-4B02-B3AB-0FA7A0A18322}.Debug|Any CPU.Build.0 = Debug|Any CPU
		{74200843-2F59-4B02-B3AB-0FA7A0A18322}.Release|Any CPU.ActiveCfg = Release|Any CPU
		{74200843-2F59-4B02-B3AB-0FA7A0A18322}.Release|Any CPU.Build.0 = Release|Any CPU
		{B4383AA9-913B-44BF-9D1E-3DA470A98803}.Debug|Any CPU.ActiveCfg = Debug|Any CPU
		{B4383AA9-913B-44BF-9D1E-3DA470A98803}.Debug|Any CPU.Build.0 = Debug|Any CPU
		{B4383AA9-913B-44BF-9D1E-3DA470A98803}.Release|Any CPU.ActiveCfg = Release|Any CPU
		{B4383AA9-913B-44BF-9D1E-3DA470A98803}.Release|Any CPU.Build.0 = Release|Any CPU
		{13ABBA0F-DCCB-4948-882F-207F87F69A54}.Debug|Any CPU.ActiveCfg = Debug|Any CPU
		{13ABBA0F-DCCB-4948-882F-207F87F69A54}.Debug|Any CPU.Build.0 = Debug|Any CPU
		{13ABBA0F-DCCB-4948-882F-207F87F69A54}.Release|Any CPU.ActiveCfg = Release|Any CPU
		{13ABBA0F-DCCB-4948-882F-207F87F69A54}.Release|Any CPU.Build.0 = Release|Any CPU
		{C304EDB2-92BB-4DFF-8D48-8957BF3006EC}.Debug|Any CPU.ActiveCfg = Debug|Any CPU
		{C304EDB2-92BB-4DFF-8D48-8957BF3006EC}.Debug|Any CPU.Build.0 = Debug|Any CPU
		{C304EDB2-92BB-4DFF-8D48-8957BF3006EC}.Release|Any CPU.ActiveCfg = Release|Any CPU
		{C304EDB2-92BB-4DFF-8D48-8957BF3006EC}.Release|Any CPU.Build.0 = Release|Any CPU
		{1ED72748-7C54-4895-97B8-4502351B2BAC}.Debug|Any CPU.ActiveCfg = Debug|Any CPU
		{1ED72748-7C54-4895-97B8-4502351B2BAC}.Debug|Any CPU.Build.0 = Debug|Any CPU
		{1ED72748-7C54-4895-97B8-4502351B2BAC}.Release|Any CPU.ActiveCfg = Release|Any CPU
		{1ED72748-7C54-4895-97B8-4502351B2BAC}.Release|Any CPU.Build.0 = Release|Any CPU
		{6AF8A076-B62D-44DA-A7A5-7C7A8DBC364D}.Debug|Any CPU.ActiveCfg = Debug|Any CPU
		{6AF8A076-B62D-44DA-A7A5-7C7A8DBC364D}.Debug|Any CPU.Build.0 = Debug|Any CPU
		{6AF8A076-B62D-44DA-A7A5-7C7A8DBC364D}.Release|Any CPU.ActiveCfg = Release|Any CPU
		{6AF8A076-B62D-44DA-A7A5-7C7A8DBC364D}.Release|Any CPU.Build.0 = Release|Any CPU
		{B6CDF4B7-D632-4B35-918B-2B911566BBCC}.Debug|Any CPU.ActiveCfg = Debug|Any CPU
		{B6CDF4B7-D632-4B35-918B-2B911566BBCC}.Debug|Any CPU.Build.0 = Debug|Any CPU
		{B6CDF4B7-D632-4B35-918B-2B911566BBCC}.Release|Any CPU.ActiveCfg = Release|Any CPU
		{B6CDF4B7-D632-4B35-918B-2B911566BBCC}.Release|Any CPU.Build.0 = Release|Any CPU
		{69D305BE-0A90-436F-9DF9-62298072CAC9}.Debug|Any CPU.ActiveCfg = Debug|Any CPU
		{69D305BE-0A90-436F-9DF9-62298072CAC9}.Debug|Any CPU.Build.0 = Debug|Any CPU
		{69D305BE-0A90-436F-9DF9-62298072CAC9}.Release|Any CPU.ActiveCfg = Release|Any CPU
		{69D305BE-0A90-436F-9DF9-62298072CAC9}.Release|Any CPU.Build.0 = Release|Any CPU
	EndGlobalSection
	GlobalSection(SolutionProperties) = preSolution
		HideSolutionNode = FALSE
	EndGlobalSection
	GlobalSection(ExtensibilityGlobals) = postSolution
		SolutionGuid = {8379C25B-9AB9-4561-A9A0-1E77A46A1F33}
	EndGlobalSection
EndGlobal
