
Microsoft Visual Studio Solution File, Format Version 12.00
# Visual Studio Version 16
VisualStudioVersion = 25.0.1706.6
MinimumVisualStudioVersion = 10.0.40219.1
Project("{FAE04EC0-301F-11D3-BF4B-00C04F79EFBC}") = "01. Integer Operations", "01. Integer Operations\01. Integer Operations.csproj", "{9F525090-F29E-417F-8F21-F2F53D6DEE5F}"
EndProject
Project("{FAE04EC0-301F-11D3-BF4B-00C04F79EFBC}") = "02. Sum Digits", "02. Sum Digits\02. Sum Digits.csproj", "{215F2274-8AFC-469E-84B0-1B57A6D7BDBD}"
EndProject
Project("{FAE04EC0-301F-11D3-BF4B-00C04F79EFBC}") = "03. Elevator", "03. Elevator\03. Elevator.csproj", "{1F717105-1705-499D-BA95-BCDBEFF6A50A}"
EndProject
Project("{FAE04EC0-301F-11D3-BF4B-00C04F79EFBC}") = "04. Sum of Chars", "04. Sum of Chars\04. Sum of Chars.csproj", "{0C1360EF-A1B5-4F6F-97F6-C2DD2B0BA644}"
EndProject
Project("{FAE04EC0-301F-11D3-BF4B-00C04F79EFBC}") = "05. Print Part Of ASCII Table", "05. Print Part Of ASCII Table\05. Print Part Of ASCII Table.csproj", "{11D7D1D5-DC83-48CE-BF8D-611329319229}"
EndProject
Project("{FAE04EC0-301F-11D3-BF4B-00C04F79EFBC}") = "06. Triples of Latin Letters", "06. Triples of Latin Letters\06. Triples of Latin Letters.csproj", "{F6A5B24C-6E5C-427E-A731-A190E2EB6730}"
EndProject
Project("{FAE04EC0-301F-11D3-BF4B-00C04F79EFBC}") = "07. Water Overflow", "07. Water Overflow\07. Water Overflow.csproj", "{591D6EB2-8BE3-4D37-BCB4-700DED067913}"
EndProject
Project("{FAE04EC0-301F-11D3-BF4B-00C04F79EFBC}") = "08. Beer Kegs", "08. Beer Kegs\08. Beer Kegs.csproj", "{A63C7ACB-A5BA-460C-92E4-69AFFCAA219D}"
EndProject
Project("{FAE04EC0-301F-11D3-BF4B-00C04F79EFBC}") = "09. Spice Must Flow", "09. Spice Must Flow\09. Spice Must Flow.csproj", "{8B1A83B9-4F21-4197-AFFE-50BB6020A503}"
EndProject
Project("{FAE04EC0-301F-11D3-BF4B-00C04F79EFBC}") = "10. Poke Mon", "10. Poke Mon\10. Poke Mon.csproj", "{BBBF1887-9D52-412A-8F98-9F6B615613EE}"
EndProject
Project("{FAE04EC0-301F-11D3-BF4B-00C04F79EFBC}") = "11. Snowballs", "11. Snowballs\11. Snowballs.csproj", "{A958B407-AEB8-48A9-9007-2C7F2C655E04}"
EndProject
Global
	GlobalSection(SolutionConfigurationPlatforms) = preSolution
		Debug|Any CPU = Debug|Any CPU
		Release|Any CPU = Release|Any CPU
	EndGlobalSection
	GlobalSection(ProjectConfigurationPlatforms) = postSolution
		{9F525090-F29E-417F-8F21-F2F53D6DEE5F}.Debug|Any CPU.ActiveCfg = Debug|Any CPU
		{9F525090-F29E-417F-8F21-F2F53D6DEE5F}.Debug|Any CPU.Build.0 = Debug|Any CPU
		{9F525090-F29E-417F-8F21-F2F53D6DEE5F}.Release|Any CPU.ActiveCfg = Release|Any CPU
		{9F525090-F29E-417F-8F21-F2F53D6DEE5F}.Release|Any CPU.Build.0 = Release|Any CPU
		{215F2274-8AFC-469E-84B0-1B57A6D7BDBD}.Debug|Any CPU.ActiveCfg = Debug|Any CPU
		{215F2274-8AFC-469E-84B0-1B57A6D7BDBD}.Debug|Any CPU.Build.0 = Debug|Any CPU
		{215F2274-8AFC-469E-84B0-1B57A6D7BDBD}.Release|Any CPU.ActiveCfg = Release|Any CPU
		{215F2274-8AFC-469E-84B0-1B57A6D7BDBD}.Release|Any CPU.Build.0 = Release|Any CPU
		{1F717105-1705-499D-BA95-BCDBEFF6A50A}.Debug|Any CPU.ActiveCfg = Debug|Any CPU
		{1F717105-1705-499D-BA95-BCDBEFF6A50A}.Debug|Any CPU.Build.0 = Debug|Any CPU
		{1F717105-1705-499D-BA95-BCDBEFF6A50A}.Release|Any CPU.ActiveCfg = Release|Any CPU
		{1F717105-1705-499D-BA95-BCDBEFF6A50A}.Release|Any CPU.Build.0 = Release|Any CPU
		{0C1360EF-A1B5-4F6F-97F6-C2DD2B0BA644}.Debug|Any CPU.ActiveCfg = Debug|Any CPU
		{0C1360EF-A1B5-4F6F-97F6-C2DD2B0BA644}.Debug|Any CPU.Build.0 = Debug|Any CPU
		{0C1360EF-A1B5-4F6F-97F6-C2DD2B0BA644}.Release|Any CPU.ActiveCfg = Release|Any CPU
		{0C1360EF-A1B5-4F6F-97F6-C2DD2B0BA644}.Release|Any CPU.Build.0 = Release|Any CPU
		{11D7D1D5-DC83-48CE-BF8D-611329319229}.Debug|Any CPU.ActiveCfg = Debug|Any CPU
		{11D7D1D5-DC83-48CE-BF8D-611329319229}.Debug|Any CPU.Build.0 = Debug|Any CPU
		{11D7D1D5-DC83-48CE-BF8D-611329319229}.Release|Any CPU.ActiveCfg = Release|Any CPU
		{11D7D1D5-DC83-48CE-BF8D-611329319229}.Release|Any CPU.Build.0 = Release|Any CPU
		{F6A5B24C-6E5C-427E-A731-A190E2EB6730}.Debug|Any CPU.ActiveCfg = Debug|Any CPU
		{F6A5B24C-6E5C-427E-A731-A190E2EB6730}.Debug|Any CPU.Build.0 = Debug|Any CPU
		{F6A5B24C-6E5C-427E-A731-A190E2EB6730}.Release|Any CPU.ActiveCfg = Release|Any CPU
		{F6A5B24C-6E5C-427E-A731-A190E2EB6730}.Release|Any CPU.Build.0 = Release|Any CPU
		{591D6EB2-8BE3-4D37-BCB4-700DED067913}.Debug|Any CPU.ActiveCfg = Debug|Any CPU
		{591D6EB2-8BE3-4D37-BCB4-700DED067913}.Debug|Any CPU.Build.0 = Debug|Any CPU
		{591D6EB2-8BE3-4D37-BCB4-700DED067913}.Release|Any CPU.ActiveCfg = Release|Any CPU
		{591D6EB2-8BE3-4D37-BCB4-700DED067913}.Release|Any CPU.Build.0 = Release|Any CPU
		{A63C7ACB-A5BA-460C-92E4-69AFFCAA219D}.Debug|Any CPU.ActiveCfg = Debug|Any CPU
		{A63C7ACB-A5BA-460C-92E4-69AFFCAA219D}.Debug|Any CPU.Build.0 = Debug|Any CPU
		{A63C7ACB-A5BA-460C-92E4-69AFFCAA219D}.Release|Any CPU.ActiveCfg = Release|Any CPU
		{A63C7ACB-A5BA-460C-92E4-69AFFCAA219D}.Release|Any CPU.Build.0 = Release|Any CPU
		{8B1A83B9-4F21-4197-AFFE-50BB6020A503}.Debug|Any CPU.ActiveCfg = Debug|Any CPU
		{8B1A83B9-4F21-4197-AFFE-50BB6020A503}.Debug|Any CPU.Build.0 = Debug|Any CPU
		{8B1A83B9-4F21-4197-AFFE-50BB6020A503}.Release|Any CPU.ActiveCfg = Release|Any CPU
		{8B1A83B9-4F21-4197-AFFE-50BB6020A503}.Release|Any CPU.Build.0 = Release|Any CPU
		{BBBF1887-9D52-412A-8F98-9F6B615613EE}.Debug|Any CPU.ActiveCfg = Debug|Any CPU
		{BBBF1887-9D52-412A-8F98-9F6B615613EE}.Debug|Any CPU.Build.0 = Debug|Any CPU
		{BBBF1887-9D52-412A-8F98-9F6B615613EE}.Release|Any CPU.ActiveCfg = Release|Any CPU
		{BBBF1887-9D52-412A-8F98-9F6B615613EE}.Release|Any CPU.Build.0 = Release|Any CPU
		{A958B407-AEB8-48A9-9007-2C7F2C655E04}.Debug|Any CPU.ActiveCfg = Debug|Any CPU
		{A958B407-AEB8-48A9-9007-2C7F2C655E04}.Debug|Any CPU.Build.0 = Debug|Any CPU
		{A958B407-AEB8-48A9-9007-2C7F2C655E04}.Release|Any CPU.ActiveCfg = Release|Any CPU
		{A958B407-AEB8-48A9-9007-2C7F2C655E04}.Release|Any CPU.Build.0 = Release|Any CPU
	EndGlobalSection
	GlobalSection(SolutionProperties) = preSolution
		HideSolutionNode = FALSE
	EndGlobalSection
	GlobalSection(ExtensibilityGlobals) = postSolution
		SolutionGuid = {2C4633B7-C787-4F67-80C5-3CEDD89EDB7A}
	EndGlobalSection
EndGlobal
