
Microsoft Visual Studio Solution File, Format Version 12.00
# Visual Studio Version 16
VisualStudioVersion = 25.0.1706.4
MinimumVisualStudioVersion = 10.0.40219.1
Project("{FAE04EC0-301F-11D3-BF4B-00C04F79EFBC}") = "01. Number Pyramid", "01. Number Pyramid\01. Number Pyramid.csproj", "{F0243F69-C404-4946-9BBA-A866B4D95D7F}"
EndProject
Project("{FAE04EC0-301F-11D3-BF4B-00C04F79EFBC}") = "02. Equal Sums Even Odd Position", "02. Equal Sums Even Odd Position\02. Equal Sums Even Odd Position.csproj", "{C61A2C2E-40FF-4802-AD0B-72425B514969}"
EndProject
Project("{FAE04EC0-301F-11D3-BF4B-00C04F79EFBC}") = "03. Sum Prime Non Prime", "03. Sum Prime Non Prime\03. Sum Prime Non Prime.csproj", "{6122E100-77DF-43E1-AF5B-13E192F920C6}"
EndProject
Project("{FAE04EC0-301F-11D3-BF4B-00C04F79EFBC}") = "04. Train The Trainers", "04. Train The Trainers\04. Train The Trainers.csproj", "{70825B75-EC94-441D-9373-5001FA0116DF}"
EndProject
Project("{FAE04EC0-301F-11D3-BF4B-00C04F79EFBC}") = "05. Special Numbers", "05. Special Numbers\05. Special Numbers.csproj", "{942C3887-E05E-4DC6-A4A2-71077F9FB301}"
EndProject
Project("{FAE04EC0-301F-11D3-BF4B-00C04F79EFBC}") = "06. Cinema Tickets", "06. Cinema Tickets\06. Cinema Tickets.csproj", "{3FE9A5C8-E73E-4E44-BFC1-186EF6677B5B}"
EndProject
Project("{FAE04EC0-301F-11D3-BF4B-00C04F79EFBC}") = "demo", "demo\demo.csproj", "{04F56EA8-0F11-49A5-8514-FBB4174E303F}"
EndProject
Global
	GlobalSection(SolutionConfigurationPlatforms) = preSolution
		Debug|Any CPU = Debug|Any CPU
		Release|Any CPU = Release|Any CPU
	EndGlobalSection
	GlobalSection(ProjectConfigurationPlatforms) = postSolution
		{F0243F69-C404-4946-9BBA-A866B4D95D7F}.Debug|Any CPU.ActiveCfg = Debug|Any CPU
		{F0243F69-C404-4946-9BBA-A866B4D95D7F}.Debug|Any CPU.Build.0 = Debug|Any CPU
		{F0243F69-C404-4946-9BBA-A866B4D95D7F}.Release|Any CPU.ActiveCfg = Release|Any CPU
		{F0243F69-C404-4946-9BBA-A866B4D95D7F}.Release|Any CPU.Build.0 = Release|Any CPU
		{C61A2C2E-40FF-4802-AD0B-72425B514969}.Debug|Any CPU.ActiveCfg = Debug|Any CPU
		{C61A2C2E-40FF-4802-AD0B-72425B514969}.Debug|Any CPU.Build.0 = Debug|Any CPU
		{C61A2C2E-40FF-4802-AD0B-72425B514969}.Release|Any CPU.ActiveCfg = Release|Any CPU
		{C61A2C2E-40FF-4802-AD0B-72425B514969}.Release|Any CPU.Build.0 = Release|Any CPU
		{6122E100-77DF-43E1-AF5B-13E192F920C6}.Debug|Any CPU.ActiveCfg = Debug|Any CPU
		{6122E100-77DF-43E1-AF5B-13E192F920C6}.Debug|Any CPU.Build.0 = Debug|Any CPU
		{6122E100-77DF-43E1-AF5B-13E192F920C6}.Release|Any CPU.ActiveCfg = Release|Any CPU
		{6122E100-77DF-43E1-AF5B-13E192F920C6}.Release|Any CPU.Build.0 = Release|Any CPU
		{70825B75-EC94-441D-9373-5001FA0116DF}.Debug|Any CPU.ActiveCfg = Debug|Any CPU
		{70825B75-EC94-441D-9373-5001FA0116DF}.Debug|Any CPU.Build.0 = Debug|Any CPU
		{70825B75-EC94-441D-9373-5001FA0116DF}.Release|Any CPU.ActiveCfg = Release|Any CPU
		{70825B75-EC94-441D-9373-5001FA0116DF}.Release|Any CPU.Build.0 = Release|Any CPU
		{942C3887-E05E-4DC6-A4A2-71077F9FB301}.Debug|Any CPU.ActiveCfg = Debug|Any CPU
		{942C3887-E05E-4DC6-A4A2-71077F9FB301}.Debug|Any CPU.Build.0 = Debug|Any CPU
		{942C3887-E05E-4DC6-A4A2-71077F9FB301}.Release|Any CPU.ActiveCfg = Release|Any CPU
		{942C3887-E05E-4DC6-A4A2-71077F9FB301}.Release|Any CPU.Build.0 = Release|Any CPU
		{3FE9A5C8-E73E-4E44-BFC1-186EF6677B5B}.Debug|Any CPU.ActiveCfg = Debug|Any CPU
		{3FE9A5C8-E73E-4E44-BFC1-186EF6677B5B}.Debug|Any CPU.Build.0 = Debug|Any CPU
		{3FE9A5C8-E73E-4E44-BFC1-186EF6677B5B}.Release|Any CPU.ActiveCfg = Release|Any CPU
		{3FE9A5C8-E73E-4E44-BFC1-186EF6677B5B}.Release|Any CPU.Build.0 = Release|Any CPU
		{04F56EA8-0F11-49A5-8514-FBB4174E303F}.Debug|Any CPU.ActiveCfg = Debug|Any CPU
		{04F56EA8-0F11-49A5-8514-FBB4174E303F}.Debug|Any CPU.Build.0 = Debug|Any CPU
		{04F56EA8-0F11-49A5-8514-FBB4174E303F}.Release|Any CPU.ActiveCfg = Release|Any CPU
		{04F56EA8-0F11-49A5-8514-FBB4174E303F}.Release|Any CPU.Build.0 = Release|Any CPU
	EndGlobalSection
	GlobalSection(SolutionProperties) = preSolution
		HideSolutionNode = FALSE
	EndGlobalSection
	GlobalSection(ExtensibilityGlobals) = postSolution
		SolutionGuid = {7BB832EC-F428-428F-B9FA-9759B3DA00A0}
	EndGlobalSection
EndGlobal
