
Microsoft Visual Studio Solution File, Format Version 12.00
# Visual Studio Version 16
VisualStudioVersion = 25.0.1706.8
MinimumVisualStudioVersion = 10.0.40219.1
Project("{FAE04EC0-301F-11D3-BF4B-00C04F79EFBC}") = "01.Messaging", "01.Messaging\01.Messaging.csproj", "{2ECFA1C4-AD01-44D7-B290-DAB63A85B3C9}"
EndProject
Project("{FAE04EC0-301F-11D3-BF4B-00C04F79EFBC}") = "02.CarRace", "02.CarRace\02.CarRace.csproj", "{736DF816-E252-4BD2-8A7D-3034EC3C21B4}"
EndProject
Project("{FAE04EC0-301F-11D3-BF4B-00C04F79EFBC}") = "03.TakeAndSkipRope", "03.TakeAndSkipRope\03.TakeAndSkipRope.csproj", "{592DF178-AB81-49B4-9A5A-ADE679C2B806}"
EndProject
Project("{FAE04EC0-301F-11D3-BF4B-00C04F79EFBC}") = "04.MixedUpLists", "04.MixedUpLists\04.MixedUpLists.csproj", "{E6C9B218-DA33-4982-9AA1-9987FDF0416C}"
EndProject
Project("{FAE04EC0-301F-11D3-BF4B-00C04F79EFBC}") = "05.DrumSet", "05.DrumSet\05.DrumSet.csproj", "{AC61C161-D4BF-47FC-9737-93C956B0A9F5}"
EndProject
Global
	GlobalSection(SolutionConfigurationPlatforms) = preSolution
		Debug|Any CPU = Debug|Any CPU
		Release|Any CPU = Release|Any CPU
	EndGlobalSection
	GlobalSection(ProjectConfigurationPlatforms) = postSolution
		{2ECFA1C4-AD01-44D7-B290-DAB63A85B3C9}.Debug|Any CPU.ActiveCfg = Debug|Any CPU
		{2ECFA1C4-AD01-44D7-B290-DAB63A85B3C9}.Debug|Any CPU.Build.0 = Debug|Any CPU
		{2ECFA1C4-AD01-44D7-B290-DAB63A85B3C9}.Release|Any CPU.ActiveCfg = Release|Any CPU
		{2ECFA1C4-AD01-44D7-B290-DAB63A85B3C9}.Release|Any CPU.Build.0 = Release|Any CPU
		{736DF816-E252-4BD2-8A7D-3034EC3C21B4}.Debug|Any CPU.ActiveCfg = Debug|Any CPU
		{736DF816-E252-4BD2-8A7D-3034EC3C21B4}.Debug|Any CPU.Build.0 = Debug|Any CPU
		{736DF816-E252-4BD2-8A7D-3034EC3C21B4}.Release|Any CPU.ActiveCfg = Release|Any CPU
		{736DF816-E252-4BD2-8A7D-3034EC3C21B4}.Release|Any CPU.Build.0 = Release|Any CPU
		{592DF178-AB81-49B4-9A5A-ADE679C2B806}.Debug|Any CPU.ActiveCfg = Debug|Any CPU
		{592DF178-AB81-49B4-9A5A-ADE679C2B806}.Debug|Any CPU.Build.0 = Debug|Any CPU
		{592DF178-AB81-49B4-9A5A-ADE679C2B806}.Release|Any CPU.ActiveCfg = Release|Any CPU
		{592DF178-AB81-49B4-9A5A-ADE679C2B806}.Release|Any CPU.Build.0 = Release|Any CPU
		{E6C9B218-DA33-4982-9AA1-9987FDF0416C}.Debug|Any CPU.ActiveCfg = Debug|Any CPU
		{E6C9B218-DA33-4982-9AA1-9987FDF0416C}.Debug|Any CPU.Build.0 = Debug|Any CPU
		{E6C9B218-DA33-4982-9AA1-9987FDF0416C}.Release|Any CPU.ActiveCfg = Release|Any CPU
		{E6C9B218-DA33-4982-9AA1-9987FDF0416C}.Release|Any CPU.Build.0 = Release|Any CPU
		{AC61C161-D4BF-47FC-9737-93C956B0A9F5}.Debug|Any CPU.ActiveCfg = Debug|Any CPU
		{AC61C161-D4BF-47FC-9737-93C956B0A9F5}.Debug|Any CPU.Build.0 = Debug|Any CPU
		{AC61C161-D4BF-47FC-9737-93C956B0A9F5}.Release|Any CPU.ActiveCfg = Release|Any CPU
		{AC61C161-D4BF-47FC-9737-93C956B0A9F5}.Release|Any CPU.Build.0 = Release|Any CPU
	EndGlobalSection
	GlobalSection(SolutionProperties) = preSolution
		HideSolutionNode = FALSE
	EndGlobalSection
	GlobalSection(ExtensibilityGlobals) = postSolution
		SolutionGuid = {CE07C095-69F4-4CF7-BA29-351B21BE3B5C}
	EndGlobalSection
EndGlobal
