
Microsoft Visual Studio Solution File, Format Version 12.00
# Visual Studio Version 16
VisualStudioVersion = 25.0.1706.12
MinimumVisualStudioVersion = 10.0.40219.1
Project("{FAE04EC0-301F-11D3-BF4B-00C04F79EFBC}") = "01.Car", "01.Car\01.Car.csproj", "{0EBC2159-136A-42B9-8516-134F37B3B429}"
EndProject
Project("{FAE04EC0-301F-11D3-BF4B-00C04F79EFBC}") = "02.CarExtension", "02.CarExtension\02.CarExtension.csproj", "{C566819A-A20C-45F5-9667-2842EEB88C90}"
EndProject
Project("{FAE04EC0-301F-11D3-BF4B-00C04F79EFBC}") = "03.CarConstructors", "03.CarConstructors\03.CarConstructors.csproj", "{F3E57224-8B69-47BE-BDB0-382885297E0B}"
EndProject
Project("{FAE04EC0-301F-11D3-BF4B-00C04F79EFBC}") = "04.CarEngineAndTires", "04.CarEngineAndTires\04.CarEngineAndTires.csproj", "{10BD039A-8162-41EF-9C83-C8263F384414}"
EndProject
Project("{FAE04EC0-301F-11D3-BF4B-00C04F79EFBC}") = "05.SpecialCars", "05.SpecialCars\05.SpecialCars.csproj", "{2FAC65F2-A21A-4028-901B-ADD4C8098662}"
EndProject
Global
	GlobalSection(SolutionConfigurationPlatforms) = preSolution
		Debug|Any CPU = Debug|Any CPU
		Release|Any CPU = Release|Any CPU
	EndGlobalSection
	GlobalSection(ProjectConfigurationPlatforms) = postSolution
		{0EBC2159-136A-42B9-8516-134F37B3B429}.Debug|Any CPU.ActiveCfg = Debug|Any CPU
		{0EBC2159-136A-42B9-8516-134F37B3B429}.Debug|Any CPU.Build.0 = Debug|Any CPU
		{0EBC2159-136A-42B9-8516-134F37B3B429}.Release|Any CPU.ActiveCfg = Release|Any CPU
		{0EBC2159-136A-42B9-8516-134F37B3B429}.Release|Any CPU.Build.0 = Release|Any CPU
		{C566819A-A20C-45F5-9667-2842EEB88C90}.Debug|Any CPU.ActiveCfg = Debug|Any CPU
		{C566819A-A20C-45F5-9667-2842EEB88C90}.Debug|Any CPU.Build.0 = Debug|Any CPU
		{C566819A-A20C-45F5-9667-2842EEB88C90}.Release|Any CPU.ActiveCfg = Release|Any CPU
		{C566819A-A20C-45F5-9667-2842EEB88C90}.Release|Any CPU.Build.0 = Release|Any CPU
		{F3E57224-8B69-47BE-BDB0-382885297E0B}.Debug|Any CPU.ActiveCfg = Debug|Any CPU
		{F3E57224-8B69-47BE-BDB0-382885297E0B}.Debug|Any CPU.Build.0 = Debug|Any CPU
		{F3E57224-8B69-47BE-BDB0-382885297E0B}.Release|Any CPU.ActiveCfg = Release|Any CPU
		{F3E57224-8B69-47BE-BDB0-382885297E0B}.Release|Any CPU.Build.0 = Release|Any CPU
		{10BD039A-8162-41EF-9C83-C8263F384414}.Debug|Any CPU.ActiveCfg = Debug|Any CPU
		{10BD039A-8162-41EF-9C83-C8263F384414}.Debug|Any CPU.Build.0 = Debug|Any CPU
		{10BD039A-8162-41EF-9C83-C8263F384414}.Release|Any CPU.ActiveCfg = Release|Any CPU
		{10BD039A-8162-41EF-9C83-C8263F384414}.Release|Any CPU.Build.0 = Release|Any CPU
		{2FAC65F2-A21A-4028-901B-ADD4C8098662}.Debug|Any CPU.ActiveCfg = Debug|Any CPU
		{2FAC65F2-A21A-4028-901B-ADD4C8098662}.Debug|Any CPU.Build.0 = Debug|Any CPU
		{2FAC65F2-A21A-4028-901B-ADD4C8098662}.Release|Any CPU.ActiveCfg = Release|Any CPU
		{2FAC65F2-A21A-4028-901B-ADD4C8098662}.Release|Any CPU.Build.0 = Release|Any CPU
	EndGlobalSection
	GlobalSection(SolutionProperties) = preSolution
		HideSolutionNode = FALSE
	EndGlobalSection
	GlobalSection(ExtensibilityGlobals) = postSolution
		SolutionGuid = {68B58EFB-318E-4F5C-A6A4-91387B55ED89}
	EndGlobalSection
EndGlobal
